// !$*UTF8*$!
{
	archiveVersion = 1;
	classes = {
	};
	objectVersion = 46;
	objects = {

/* Begin PBXBuildFile section */
		44FEFD38178DA2E200032CAA /* Foundation.framework in Frameworks */ = {isa = PBXBuildFile; fileRef = 44FEFD37178DA2E200032CAA /* Foundation.framework */; };
		44FEFD3D178DA2E200032CAA /* ASILib.h in CopyFiles */ = {isa = PBXBuildFile; fileRef = 44FEFD3C178DA2E200032CAA /* ASILib.h */; };
		44FEFD3F178DA2E200032CAA /* ASILib.m in Sources */ = {isa = PBXBuildFile; fileRef = 44FEFD3E178DA2E200032CAA /* ASILib.m */; };
		44FEFD5C178DA2FF00032CAA /* ASIAuthenticationDialog.m in Sources */ = {isa = PBXBuildFile; fileRef = 44FEFD47178DA2FF00032CAA /* ASIAuthenticationDialog.m */; };
		44FEFD5D178DA2FF00032CAA /* ASIDataCompressor.m in Sources */ = {isa = PBXBuildFile; fileRef = 44FEFD4A178DA2FF00032CAA /* ASIDataCompressor.m */; };
		44FEFD5E178DA2FF00032CAA /* ASIDataDecompressor.m in Sources */ = {isa = PBXBuildFile; fileRef = 44FEFD4C178DA2FF00032CAA /* ASIDataDecompressor.m */; };
		44FEFD5F178DA2FF00032CAA /* ASIDownloadCache.m in Sources */ = {isa = PBXBuildFile; fileRef = 44FEFD4E178DA2FF00032CAA /* ASIDownloadCache.m */; };
		44FEFD60178DA2FF00032CAA /* ASIFormDataRequest.m in Sources */ = {isa = PBXBuildFile; fileRef = 44FEFD50178DA2FF00032CAA /* ASIFormDataRequest.m */; };
		44FEFD61178DA2FF00032CAA /* ASIHTTPRequest.m in Sources */ = {isa = PBXBuildFile; fileRef = 44FEFD52178DA2FF00032CAA /* ASIHTTPRequest.m */; };
		44FEFD62178DA2FF00032CAA /* ASIInputStream.m in Sources */ = {isa = PBXBuildFile; fileRef = 44FEFD56178DA2FF00032CAA /* ASIInputStream.m */; };
		44FEFD63178DA2FF00032CAA /* ASINetworkQueue.m in Sources */ = {isa = PBXBuildFile; fileRef = 44FEFD58178DA2FF00032CAA /* ASINetworkQueue.m */; };
		44FEFD64178DA2FF00032CAA /* Reachability.m in Sources */ = {isa = PBXBuildFile; fileRef = 44FEFD5B178DA2FF00032CAA /* Reachability.m */; };
/* End PBXBuildFile section */

/* Begin PBXCopyFilesBuildPhase section */
		44FEFD32178DA2E200032CAA /* CopyFiles */ = {
			isa = PBXCopyFilesBuildPhase;
			buildActionMask = 2147483647;
			dstPath = "include/${PRODUCT_NAME}";
			dstSubfolderSpec = 16;
			files = (
				44FEFD3D178DA2E200032CAA /* ASILib.h in CopyFiles */,
			);
			runOnlyForDeploymentPostprocessing = 0;
		};
/* End PBXCopyFilesBuildPhase section */

/* Begin PBXFileReference section */
		44FEFD34178DA2E200032CAA /* libASILib.a */ = {isa = PBXFileReference; explicitFileType = archive.ar; includeInIndex = 0; path = libASILib.a; sourceTree = BUILT_PRODUCTS_DIR; };
		44FEFD37178DA2E200032CAA /* Foundation.framework */ = {isa = PBXFileReference; lastKnownFileType = wrapper.framework; name = Foundation.framework; path = System/Library/Frameworks/Foundation.framework; sourceTree = SDKROOT; };
		44FEFD3B178DA2E200032CAA /* ASILib-Prefix.pch */ = {isa = PBXFileReference; lastKnownFileType = sourcecode.c.h; path = "ASILib-Prefix.pch"; sourceTree = "<group>"; };
		44FEFD3C178DA2E200032CAA /* ASILib.h */ = {isa = PBXFileReference; lastKnownFileType = sourcecode.c.h; path = ASILib.h; sourceTree = "<group>"; };
		44FEFD3E178DA2E200032CAA /* ASILib.m */ = {isa = PBXFileReference; lastKnownFileType = sourcecode.c.objc; path = ASILib.m; sourceTree = "<group>"; };
		44FEFD46178DA2FF00032CAA /* ASIAuthenticationDialog.h */ = {isa = PBXFileReference; fileEncoding = 4; lastKnownFileType = sourcecode.c.h; path = ASIAuthenticationDialog.h; sourceTree = "<group>"; };
		44FEFD47178DA2FF00032CAA /* ASIAuthenticationDialog.m */ = {isa = PBXFileReference; fileEncoding = 4; lastKnownFileType = sourcecode.c.objc; path = ASIAuthenticationDialog.m; sourceTree = "<group>"; };
		44FEFD48178DA2FF00032CAA /* ASICacheDelegate.h */ = {isa = PBXFileReference; fileEncoding = 4; lastKnownFileType = sourcecode.c.h; path = ASICacheDelegate.h; sourceTree = "<group>"; };
		44FEFD49178DA2FF00032CAA /* ASIDataCompressor.h */ = {isa = PBXFileReference; fileEncoding = 4; lastKnownFileType = sourcecode.c.h; path = ASIDataCompressor.h; sourceTree = "<group>"; };
		44FEFD4A178DA2FF00032CAA /* ASIDataCompressor.m */ = {isa = PBXFileReference; fileEncoding = 4; lastKnownFileType = sourcecode.c.objc; path = ASIDataCompressor.m; sourceTree = "<group>"; };
		44FEFD4B178DA2FF00032CAA /* ASIDataDecompressor.h */ = {isa = PBXFileReference; fileEncoding = 4; lastKnownFileType = sourcecode.c.h; path = ASIDataDecompressor.h; sourceTree = "<group>"; };
		44FEFD4C178DA2FF00032CAA /* ASIDataDecompressor.m */ = {isa = PBXFileReference; fileEncoding = 4; lastKnownFileType = sourcecode.c.objc; path = ASIDataDecompressor.m; sourceTree = "<group>"; };
		44FEFD4D178DA2FF00032CAA /* ASIDownloadCache.h */ = {isa = PBXFileReference; fileEncoding = 4; lastKnownFileType = sourcecode.c.h; path = ASIDownloadCache.h; sourceTree = "<group>"; };
		44FEFD4E178DA2FF00032CAA /* ASIDownloadCache.m */ = {isa = PBXFileReference; fileEncoding = 4; lastKnownFileType = sourcecode.c.objc; path = ASIDownloadCache.m; sourceTree = "<group>"; };
		44FEFD4F178DA2FF00032CAA /* ASIFormDataRequest.h */ = {isa = PBXFileReference; fileEncoding = 4; lastKnownFileType = sourcecode.c.h; path = ASIFormDataRequest.h; sourceTree = "<group>"; };
		44FEFD50178DA2FF00032CAA /* ASIFormDataRequest.m */ = {isa = PBXFileReference; fileEncoding = 4; lastKnownFileType = sourcecode.c.objc; path = ASIFormDataRequest.m; sourceTree = "<group>"; };
		44FEFD51178DA2FF00032CAA /* ASIHTTPRequest.h */ = {isa = PBXFileReference; fileEncoding = 4; lastKnownFileType = sourcecode.c.h; path = ASIHTTPRequest.h; sourceTree = "<group>"; };
		44FEFD52178DA2FF00032CAA /* ASIHTTPRequest.m */ = {isa = PBXFileReference; fileEncoding = 4; lastKnownFileType = sourcecode.c.objc; path = ASIHTTPRequest.m; sourceTree = "<group>"; };
		44FEFD53178DA2FF00032CAA /* ASIHTTPRequestConfig.h */ = {isa = PBXFileReference; fileEncoding = 4; lastKnownFileType = sourcecode.c.h; path = ASIHTTPRequestConfig.h; sourceTree = "<group>"; };
		44FEFD54178DA2FF00032CAA /* ASIHTTPRequestDelegate.h */ = {isa = PBXFileReference; fileEncoding = 4; lastKnownFileType = sourcecode.c.h; path = ASIHTTPRequestDelegate.h; sourceTree = "<group>"; };
		44FEFD55178DA2FF00032CAA /* ASIInputStream.h */ = {isa = PBXFileReference; fileEncoding = 4; lastKnownFileType = sourcecode.c.h; path = ASIInputStream.h; sourceTree = "<group>"; };
		44FEFD56178DA2FF00032CAA /* ASIInputStream.m */ = {isa = PBXFileReference; fileEncoding = 4; lastKnownFileType = sourcecode.c.objc; path = ASIInputStream.m; sourceTree = "<group>"; };
		44FEFD57178DA2FF00032CAA /* ASINetworkQueue.h */ = {isa = PBXFileReference; fileEncoding = 4; lastKnownFileType = sourcecode.c.h; path = ASINetworkQueue.h; sourceTree = "<group>"; };
		44FEFD58178DA2FF00032CAA /* ASINetworkQueue.m */ = {isa = PBXFileReference; fileEncoding = 4; lastKnownFileType = sourcecode.c.objc; path = ASINetworkQueue.m; sourceTree = "<group>"; };
		44FEFD59178DA2FF00032CAA /* ASIProgressDelegate.h */ = {isa = PBXFileReference; fileEncoding = 4; lastKnownFileType = sourcecode.c.h; path = ASIProgressDelegate.h; sourceTree = "<group>"; };
		44FEFD5A178DA2FF00032CAA /* Reachability.h */ = {isa = PBXFileReference; fileEncoding = 4; lastKnownFileType = sourcecode.c.h; path = Reachability.h; sourceTree = "<group>"; };
		44FEFD5B178DA2FF00032CAA /* Reachability.m */ = {isa = PBXFileReference; fileEncoding = 4; lastKnownFileType = sourcecode.c.objc; path = Reachability.m; sourceTree = "<group>"; };
/* End PBXFileReference section */

/* Begin PBXFrameworksBuildPhase section */
		44FEFD31178DA2E200032CAA /* Frameworks */ = {
			isa = PBXFrameworksBuildPhase;
			buildActionMask = 2147483647;
			files = (
				44FEFD38178DA2E200032CAA /* Foundation.framework in Frameworks */,
			);
			runOnlyForDeploymentPostprocessing = 0;
		};
/* End PBXFrameworksBuildPhase section */

/* Begin PBXGroup section */
		44FEFD2B178DA2E200032CAA = {
			isa = PBXGroup;
			children = (
				44FEFD39178DA2E200032CAA /* ASILib */,
				44FEFD36178DA2E200032CAA /* Frameworks */,
				44FEFD35178DA2E200032CAA /* Products */,
			);
			sourceTree = "<group>";
		};
		44FEFD35178DA2E200032CAA /* Products */ = {
			isa = PBXGroup;
			children = (
				44FEFD34178DA2E200032CAA /* libASILib.a */,
			);
			name = Products;
			sourceTree = "<group>";
		};
		44FEFD36178DA2E200032CAA /* Frameworks */ = {
			isa = PBXGroup;
			children = (
				44FEFD37178DA2E200032CAA /* Foundation.framework */,
			);
			name = Frameworks;
			sourceTree = "<group>";
		};
		44FEFD39178DA2E200032CAA /* ASILib */ = {
			isa = PBXGroup;
			children = (
				44FEFD45178DA2FF00032CAA /* ASIHttp */,
				44FEFD3C178DA2E200032CAA /* ASILib.h */,
				44FEFD3E178DA2E200032CAA /* ASILib.m */,
				44FEFD3A178DA2E200032CAA /* Supporting Files */,
			);
			path = ASILib;
			sourceTree = "<group>";
		};
		44FEFD3A178DA2E200032CAA /* Supporting Files */ = {
			isa = PBXGroup;
			children = (
				44FEFD3B178DA2E200032CAA /* ASILib-Prefix.pch */,
			);
			name = "Supporting Files";
			sourceTree = "<group>";
		};
		44FEFD45178DA2FF00032CAA /* ASIHttp */ = {
			isa = PBXGroup;
			children = (
				44FEFD46178DA2FF00032CAA /* ASIAuthenticationDialog.h */,
				44FEFD47178DA2FF00032CAA /* ASIAuthenticationDialog.m */,
				44FEFD48178DA2FF00032CAA /* ASICacheDelegate.h */,
				44FEFD49178DA2FF00032CAA /* ASIDataCompressor.h */,
				44FEFD4A178DA2FF00032CAA /* ASIDataCompressor.m */,
				44FEFD4B178DA2FF00032CAA /* ASIDataDecompressor.h */,
				44FEFD4C178DA2FF00032CAA /* ASIDataDecompressor.m */,
				44FEFD4D178DA2FF00032CAA /* ASIDownloadCache.h */,
				44FEFD4E178DA2FF00032CAA /* ASIDownloadCache.m */,
				44FEFD4F178DA2FF00032CAA /* ASIFormDataRequest.h */,
				44FEFD50178DA2FF00032CAA /* ASIFormDataRequest.m */,
				44FEFD51178DA2FF00032CAA /* ASIHTTPRequest.h */,
				44FEFD52178DA2FF00032CAA /* ASIHTTPRequest.m */,
				44FEFD53178DA2FF00032CAA /* ASIHTTPRequestConfig.h */,
				44FEFD54178DA2FF00032CAA /* ASIHTTPRequestDelegate.h */,
				44FEFD55178DA2FF00032CAA /* ASIInputStream.h */,
				44FEFD56178DA2FF00032CAA /* ASIInputStream.m */,
				44FEFD57178DA2FF00032CAA /* ASINetworkQueue.h */,
				44FEFD58178DA2FF00032CAA /* ASINetworkQueue.m */,
				44FEFD59178DA2FF00032CAA /* ASIProgressDelegate.h */,
				44FEFD5A178DA2FF00032CAA /* Reachability.h */,
				44FEFD5B178DA2FF00032CAA /* Reachability.m */,
			);
			path = ASIHttp;
			sourceTree = "<group>";
		};
/* End PBXGroup section */

/* Begin PBXNativeTarget section */
		44FEFD33178DA2E200032CAA /* ASILib */ = {
			isa = PBXNativeTarget;
			buildConfigurationList = 44FEFD42178DA2E200032CAA /* Build configuration list for PBXNativeTarget "ASILib" */;
			buildPhases = (
				44FEFD30178DA2E200032CAA /* Sources */,
				44FEFD31178DA2E200032CAA /* Frameworks */,
				44FEFD32178DA2E200032CAA /* CopyFiles */,
			);
			buildRules = (
			);
			dependencies = (
			);
			name = ASILib;
			productName = ASILib;
			productReference = 44FEFD34178DA2E200032CAA /* libASILib.a */;
			productType = "com.apple.product-type.library.static";
		};
/* End PBXNativeTarget section */

/* Begin PBXProject section */
		44FEFD2C178DA2E200032CAA /* Project object */ = {
			isa = PBXProject;
			attributes = {
				LastUpgradeCheck = 0460;
				ORGANIZATIONNAME = TW;
			};
			buildConfigurationList = 44FEFD2F178DA2E200032CAA /* Build configuration list for PBXProject "ASILib" */;
			compatibilityVersion = "Xcode 3.2";
			developmentRegion = English;
			hasScannedForEncodings = 0;
			knownRegions = (
				en,
			);
			mainGroup = 44FEFD2B178DA2E200032CAA;
			productRefGroup = 44FEFD35178DA2E200032CAA /* Products */;
			projectDirPath = "";
			projectRoot = "";
			targets = (
				44FEFD33178DA2E200032CAA /* ASILib */,
			);
		};
/* End PBXProject section */

/* Begin PBXSourcesBuildPhase section */
		44FEFD30178DA2E200032CAA /* Sources */ = {
			isa = PBXSourcesBuildPhase;
			buildActionMask = 2147483647;
			files = (
				44FEFD3F178DA2E200032CAA /* ASILib.m in Sources */,
				44FEFD5C178DA2FF00032CAA /* ASIAuthenticationDialog.m in Sources */,
				44FEFD5D178DA2FF00032CAA /* ASIDataCompressor.m in Sources */,
				44FEFD5E178DA2FF00032CAA /* ASIDataDecompressor.m in Sources */,
				44FEFD5F178DA2FF00032CAA /* ASIDownloadCache.m in Sources */,
				44FEFD60178DA2FF00032CAA /* ASIFormDataRequest.m in Sources */,
				44FEFD61178DA2FF00032CAA /* ASIHTTPRequest.m in Sources */,
				44FEFD62178DA2FF00032CAA /* ASIInputStream.m in Sources */,
				44FEFD63178DA2FF00032CAA /* ASINetworkQueue.m in Sources */,
				44FEFD64178DA2FF00032CAA /* Reachability.m in Sources */,
			);
			runOnlyForDeploymentPostprocessing = 0;
		};
/* End PBXSourcesBuildPhase section */

/* Begin XCBuildConfiguration section */
		44FEFD40178DA2E200032CAA /* Debug */ = {
			isa = XCBuildConfiguration;
			buildSettings = {
				ALWAYS_SEARCH_USER_PATHS = NO;
				CLANG_CXX_LANGUAGE_STANDARD = "gnu++0x";
				CLANG_CXX_LIBRARY = "libc++";
				CLANG_WARN_CONSTANT_CONVERSION = YES;
				CLANG_WARN_EMPTY_BODY = YES;
				CLANG_WARN_ENUM_CONVERSION = YES;
				CLANG_WARN_INT_CONVERSION = YES;
				CLANG_WARN__DUPLICATE_METHOD_MATCH = YES;
				COPY_PHASE_STRIP = NO;
				GCC_C_LANGUAGE_STANDARD = gnu99;
				GCC_DYNAMIC_NO_PIC = NO;
				GCC_OPTIMIZATION_LEVEL = 0;
				GCC_PREPROCESSOR_DEFINITIONS = (
					"DEBUG=1",
					"$(inherited)",
				);
				GCC_SYMBOLS_PRIVATE_EXTERN = NO;
				GCC_WARN_ABOUT_RETURN_TYPE = YES;
				GCC_WARN_UNINITIALIZED_AUTOS = YES;
				GCC_WARN_UNUSED_VARIABLE = YES;
				IPHONEOS_DEPLOYMENT_TARGET = 6.1;
				ONLY_ACTIVE_ARCH = YES;
				SDKROOT = iphoneos;
			};
			name = Debug;
		};
		44FEFD41178DA2E200032CAA /* Release */ = {
			isa = XCBuildConfiguration;
			buildSettings = {
				ALWAYS_SEARCH_USER_PATHS = NO;
				CLANG_CXX_LANGUAGE_STANDARD = "gnu++0x";
				CLANG_CXX_LIBRARY = "libc++";
				CLANG_WARN_CONSTANT_CONVERSION = YES;
				CLANG_WARN_EMPTY_BODY = YES;
				CLANG_WARN_ENUM_CONVERSION = YES;
				CLANG_WARN_INT_CONVERSION = YES;
				CLANG_WARN__DUPLICATE_METHOD_MATCH = YES;
				COPY_PHASE_STRIP = YES;
				GCC_C_LANGUAGE_STANDARD = gnu99;
				GCC_WARN_ABOUT_RETURN_TYPE = YES;
				GCC_WARN_UNINITIALIZED_AUTOS = YES;
				GCC_WARN_UNUSED_VARIABLE = YES;
				IPHONEOS_DEPLOYMENT_TARGET = 6.1;
				SDKROOT = iphoneos;
				VALIDATE_PRODUCT = YES;
			};
			name = Release;
		};
		44FEFD43178DA2E200032CAA /* Debug */ = {
			isa = XCBuildConfiguration;
			buildSettings = {
				DSTROOT = /tmp/ASILib.dst;
				GCC_PRECOMPILE_PREFIX_HEADER = YES;
				GCC_PREFIX_HEADER = "ASILib/ASILib-Prefix.pch";
				OTHER_LDFLAGS = "-ObjC";
				PRODUCT_NAME = "$(TARGET_NAME)";
				SKIP_INSTALL = YES;
			};
			name = Debug;
		};
		44FEFD44178DA2E200032CAA /* Release */ = {
			isa = XCBuildConfiguration;
			buildSettings = {
				DSTROOT = /tmp/ASILib.dst;
				GCC_PRECOMPILE_PREFIX_HEADER = YES;
				GCC_PREFIX_HEADER = "ASILib/ASILib-Prefix.pch";
				OTHER_LDFLAGS = "-ObjC";
				PRODUCT_NAME = "$(TARGET_NAME)";
				SKIP_INSTALL = YES;
			};
			name = Release;
		};
/* End XCBuildConfiguration section */

/* Begin XCConfigurationList section */
		44FEFD2F178DA2E200032CAA /* Build configuration list for PBXProject "ASILib" */ = {
			isa = XCConfigurationList;
			buildConfigurations = (
				44FEFD40178DA2E200032CAA /* Debug */,
				44FEFD41178DA2E200032CAA /* Release */,
			);
			defaultConfigurationIsVisible = 0;
			defaultConfigurationName = Release;
		};
		44FEFD42178DA2E200032CAA /* Build configuration list for PBXNativeTarget "ASILib" */ = {
			isa = XCConfigurationList;
			buildConfigurations = (
				44FEFD43178DA2E200032CAA /* Debug */,
				44FEFD44178DA2E200032CAA /* Release */,
			);
			defaultConfigurationIsVisible = 0;
		};
/* End XCConfigurationList section */
	};
	rootObject = 44FEFD2C178DA2E200032CAA /* Project object */;
}
