// !$*UTF8*$!
{
	archiveVersion = 1;
	classes = {
	};
	objectVersion = 46;
	objects = {

/* Begin PBXBuildFile section */
		368670278CB5A13136EC4A04 /* AFXMLRequestOperation.m in Sources */ = {isa = PBXBuildFile; fileRef = 36867018C1DE768530D8B3E1 /* AFXMLRequestOperation.m */; };
		3686712E0FE28015B0CDF628 /* AFPropertyListRequestOperation.m in Sources */ = {isa = PBXBuildFile; fileRef = 368672917599FB0B5AA19687 /* AFPropertyListRequestOperation.m */; };
		368671B0B0262A1163811FE1 /* AFNetworkActivityIndicatorManager.m in Sources */ = {isa = PBXBuildFile; fileRef = 36867C07CF3631F1A657A441 /* AFNetworkActivityIndicatorManager.m */; };
		3686726430BA535E252B3A50 /* AFHTTPRequestOperation.m in Sources */ = {isa = PBXBuildFile; fileRef = 3686764B39D545BF907D956B /* AFHTTPRequestOperation.m */; };
		368677CBE88B7C95F5E5EF78 /* UIImageView+AFNetworking.m in Sources */ = {isa = PBXBuildFile; fileRef = 3686787637C9CC58330CD400 /* UIImageView+AFNetworking.m */; };
		368677E52690BD756B7ADD11 /* AFJSONRequestOperation.m in Sources */ = {isa = PBXBuildFile; fileRef = 368678301E9D23B80ED5BEC7 /* AFJSONRequestOperation.m */; };
		36867A9BD7E2AA8404532202 /* AFURLConnectionOperation.m in Sources */ = {isa = PBXBuildFile; fileRef = 36867D0C3BB98D1B8554C492 /* AFURLConnectionOperation.m */; };
		36867FBF4B1BE9B93520C01F /* AFImageRequestOperation.m in Sources */ = {isa = PBXBuildFile; fileRef = 36867D47ABF6EAE2645B32D8 /* AFImageRequestOperation.m */; };
		36867FEC347E89351575287C /* AFHTTPClient.m in Sources */ = {isa = PBXBuildFile; fileRef = 3686770DA7A10797F0737085 /* AFHTTPClient.m */; };
		44060A50178B040200ACA13C /* AgendaListRetriever.m in Sources */ = {isa = PBXBuildFile; fileRef = 44060A4F178B040200ACA13C /* AgendaListRetriever.m */; };
		44FEFD21178DA1DB00032CAA /* SBJsonParser.m in Sources */ = {isa = PBXBuildFile; fileRef = 44FEFD0E178DA1DB00032CAA /* SBJsonParser.m */; };
		44FEFD22178DA1DB00032CAA /* SBJsonStreamParser.m in Sources */ = {isa = PBXBuildFile; fileRef = 44FEFD10178DA1DB00032CAA /* SBJsonStreamParser.m */; };
		44FEFD23178DA1DB00032CAA /* SBJsonStreamParserAccumulator.m in Sources */ = {isa = PBXBuildFile; fileRef = 44FEFD12178DA1DB00032CAA /* SBJsonStreamParserAccumulator.m */; };
		44FEFD24178DA1DB00032CAA /* SBJsonStreamParserAdapter.m in Sources */ = {isa = PBXBuildFile; fileRef = 44FEFD14178DA1DB00032CAA /* SBJsonStreamParserAdapter.m */; };
		44FEFD25178DA1DB00032CAA /* SBJsonStreamParserState.m in Sources */ = {isa = PBXBuildFile; fileRef = 44FEFD16178DA1DB00032CAA /* SBJsonStreamParserState.m */; };
		44FEFD26178DA1DB00032CAA /* SBJsonStreamTokeniser.m in Sources */ = {isa = PBXBuildFile; fileRef = 44FEFD18178DA1DB00032CAA /* SBJsonStreamTokeniser.m */; };
		44FEFD27178DA1DB00032CAA /* SBJsonStreamWriter.m in Sources */ = {isa = PBXBuildFile; fileRef = 44FEFD1A178DA1DB00032CAA /* SBJsonStreamWriter.m */; };
		44FEFD28178DA1DB00032CAA /* SBJsonStreamWriterAccumulator.m in Sources */ = {isa = PBXBuildFile; fileRef = 44FEFD1C178DA1DB00032CAA /* SBJsonStreamWriterAccumulator.m */; };
		44FEFD29178DA1DB00032CAA /* SBJsonStreamWriterState.m in Sources */ = {isa = PBXBuildFile; fileRef = 44FEFD1E178DA1DB00032CAA /* SBJsonStreamWriterState.m */; };
		44FEFD2A178DA1DB00032CAA /* SBJsonWriter.m in Sources */ = {isa = PBXBuildFile; fileRef = 44FEFD20178DA1DB00032CAA /* SBJsonWriter.m */; };
		49073B4915CB774A00BB1522 /* MenuViewController.m in Sources */ = {isa = PBXBuildFile; fileRef = 49073B4715CB774A00BB1522 /* MenuViewController.m */; };
		49073B4A15CB774A00BB1522 /* MenuViewController.xib in Resources */ = {isa = PBXBuildFile; fileRef = 49073B4815CB774A00BB1522 /* MenuViewController.xib */; };
		49073B4E15CB7A5900BB1522 /* SettingViewController.m in Sources */ = {isa = PBXBuildFile; fileRef = 49073B4C15CB7A5900BB1522 /* SettingViewController.m */; };
		49073B4F15CB7A5900BB1522 /* SettingViewController.xib in Resources */ = {isa = PBXBuildFile; fileRef = 49073B4D15CB7A5900BB1522 /* SettingViewController.xib */; };
		490B91E015D4B60E00539E2A /* libsqlite3.dylib in Frameworks */ = {isa = PBXBuildFile; fileRef = 490B91DF15D4B60E00539E2A /* libsqlite3.dylib */; };
		490B91EC15D4B78B00539E2A /* DBService.m in Sources */ = {isa = PBXBuildFile; fileRef = 490B91EB15D4B78B00539E2A /* DBService.m */; };
		490C468115EDE780008F1CA9 /* agenda_view_icon.png in Resources */ = {isa = PBXBuildFile; fileRef = 490C467B15EDE77F008F1CA9 /* agenda_view_icon.png */; };
		490C468315EDE780008F1CA9 /* path_view_icon.png in Resources */ = {isa = PBXBuildFile; fileRef = 490C467D15EDE780008F1CA9 /* path_view_icon.png */; };
		490C468515EDE780008F1CA9 /* setting_view_icon.png in Resources */ = {isa = PBXBuildFile; fileRef = 490C467F15EDE780008F1CA9 /* setting_view_icon.png */; };
		490C468815EDF7F1008F1CA9 /* unreminder_button.png in Resources */ = {isa = PBXBuildFile; fileRef = 490C468715EDF7F1008F1CA9 /* unreminder_button.png */; };
		4913EB0515E4B03500C93E43 /* user_db.sqlite in Resources */ = {isa = PBXBuildFile; fileRef = 4913EB0315E4B02500C93E43 /* user_db.sqlite */; };
		49168F5215C769D300DEA67C /* UIKit.framework in Frameworks */ = {isa = PBXBuildFile; fileRef = 49168F5115C769D300DEA67C /* UIKit.framework */; };
		49168F5415C769D300DEA67C /* Foundation.framework in Frameworks */ = {isa = PBXBuildFile; fileRef = 49168F5315C769D300DEA67C /* Foundation.framework */; };
		49168F5615C769D300DEA67C /* CoreGraphics.framework in Frameworks */ = {isa = PBXBuildFile; fileRef = 49168F5515C769D300DEA67C /* CoreGraphics.framework */; };
		49168F5C15C769D300DEA67C /* InfoPlist.strings in Resources */ = {isa = PBXBuildFile; fileRef = 49168F5A15C769D300DEA67C /* InfoPlist.strings */; };
		49168F5E15C769D300DEA67C /* main.m in Sources */ = {isa = PBXBuildFile; fileRef = 49168F5D15C769D300DEA67C /* main.m */; };
		49168F6215C769D300DEA67C /* AppDelegate.m in Sources */ = {isa = PBXBuildFile; fileRef = 49168F6115C769D300DEA67C /* AppDelegate.m */; };
		49168F8615C76A5E00DEA67C /* RootViewController.xib in Resources */ = {isa = PBXBuildFile; fileRef = 49168F8415C76A5E00DEA67C /* RootViewController.xib */; };
		49168F9315C775CB00DEA67C /* Agenda.m in Sources */ = {isa = PBXBuildFile; fileRef = 49168F9215C775CB00DEA67C /* Agenda.m */; };
		49168F9A15C7764800DEA67C /* Session.m in Sources */ = {isa = PBXBuildFile; fileRef = 49168F9915C7764800DEA67C /* Session.m */; };
		492B859615EF2C0B00802F8F /* Default.png in Resources */ = {isa = PBXBuildFile; fileRef = 492B859515EF2C0B00802F8F /* Default.png */; };
		492B859915EF2C0F00802F8F /* Default@2x.png in Resources */ = {isa = PBXBuildFile; fileRef = 492B859815EF2C0F00802F8F /* Default@2x.png */; };
		492D43DA17B8FF960082C814 /* CoreFoundation.framework in Frameworks */ = {isa = PBXBuildFile; fileRef = 492D43D917B8FF960082C814 /* CoreFoundation.framework */; };
		492D43DC17B8FF9E0082C814 /* CoreTelephony.framework in Frameworks */ = {isa = PBXBuildFile; fileRef = 492D43DB17B8FF9E0082C814 /* CoreTelephony.framework */; };
		492D43DE17B9BD870082C814 /* PushConfig.plist in Resources */ = {isa = PBXBuildFile; fileRef = 492D43DD17B9BD870082C814 /* PushConfig.plist */; };
		4934F9E115CA668600427597 /* EGORefreshTableHeaderView.m in Sources */ = {isa = PBXBuildFile; fileRef = 4934F9DE15CA65CE00427597 /* EGORefreshTableHeaderView.m */; };
		4934F9F215CA6B2D00427597 /* blackArrow.png in Resources */ = {isa = PBXBuildFile; fileRef = 4934F9E215CA671700427597 /* blackArrow.png */; };
		4934F9F315CA6B2D00427597 /* blackArrow@2x.png in Resources */ = {isa = PBXBuildFile; fileRef = 4934F9E315CA671700427597 /* blackArrow@2x.png */; };
		4934F9F415CA6B2D00427597 /* blueArrow.png in Resources */ = {isa = PBXBuildFile; fileRef = 4934F9E415CA671700427597 /* blueArrow.png */; };
		4934F9F515CA6B2D00427597 /* blueArrow@2x.png in Resources */ = {isa = PBXBuildFile; fileRef = 4934F9E515CA671700427597 /* blueArrow@2x.png */; };
		4934F9F615CA6B2D00427597 /* grayArrow.png in Resources */ = {isa = PBXBuildFile; fileRef = 4934F9E615CA671700427597 /* grayArrow.png */; };
		4934F9F715CA6B2D00427597 /* grayArrow@2x.png in Resources */ = {isa = PBXBuildFile; fileRef = 4934F9E715CA671700427597 /* grayArrow@2x.png */; };
		4934F9F815CA6B2D00427597 /* whiteArrow.png in Resources */ = {isa = PBXBuildFile; fileRef = 4934F9E815CA671700427597 /* whiteArrow.png */; };
		4934F9F915CA6B2D00427597 /* whiteArrow@2x.png in Resources */ = {isa = PBXBuildFile; fileRef = 4934F9E915CA671700427597 /* whiteArrow@2x.png */; };
		4934FA0215CA705200427597 /* AgendaViewController.m in Sources */ = {isa = PBXBuildFile; fileRef = 4934F9FF15CA703200427597 /* AgendaViewController.m */; };
		493697CA15C8D86400941C94 /* QuartzCore.framework in Frameworks */ = {isa = PBXBuildFile; fileRef = 493697C915C8D86400941C94 /* QuartzCore.framework */; };
		4959E24C15D39BA100091D6F /* UserPath.m in Sources */ = {isa = PBXBuildFile; fileRef = 4959E24B15D39BA100091D6F /* UserPath.m */; };
		4959E25115D39DD200091D6F /* UserPathViewController.m in Sources */ = {isa = PBXBuildFile; fileRef = 4959E24F15D39DD200091D6F /* UserPathViewController.m */; };
		4959E25415D39FCB00091D6F /* UserPathViewController.xib in Resources */ = {isa = PBXBuildFile; fileRef = 4959E25315D39FCB00091D6F /* UserPathViewController.xib */; };
		495CA18E15CBC7D400C09F48 /* action_button.png in Resources */ = {isa = PBXBuildFile; fileRef = 495CA18D15CBC7D400C09F48 /* action_button.png */; };
		495CA19115CBC97100C09F48 /* choose_flag.png in Resources */ = {isa = PBXBuildFile; fileRef = 495CA19015CBC97100C09F48 /* choose_flag.png */; };
		4968758A160455A7000BD587 /* Icon.png in Resources */ = {isa = PBXBuildFile; fileRef = 49687589160455A7000BD587 /* Icon.png */; };
		4968758D160455AA000BD587 /* Icon@2x.png in Resources */ = {isa = PBXBuildFile; fileRef = 4968758C160455AA000BD587 /* Icon@2x.png */; };
		4968759116045798000BD587 /* save_button.png in Resources */ = {isa = PBXBuildFile; fileRef = 4968759016045798000BD587 /* save_button.png */; };
		496875931604580E000BD587 /* name_input_back.png in Resources */ = {isa = PBXBuildFile; fileRef = 496875921604580E000BD587 /* name_input_back.png */; };
		4969AD6015C78C23005B6A54 /* SystemConfiguration.framework in Frameworks */ = {isa = PBXBuildFile; fileRef = 4969AD5F15C78C23005B6A54 /* SystemConfiguration.framework */; };
		4969AD6215C78C2B005B6A54 /* MobileCoreServices.framework in Frameworks */ = {isa = PBXBuildFile; fileRef = 4969AD6115C78C2B005B6A54 /* MobileCoreServices.framework */; };
		4969AD6415C78C48005B6A54 /* libz.dylib in Frameworks */ = {isa = PBXBuildFile; fileRef = 4969AD6315C78C48005B6A54 /* libz.dylib */; };
		4969AD6615C78C8B005B6A54 /* CFNetwork.framework in Frameworks */ = {isa = PBXBuildFile; fileRef = 4969AD6515C78C8B005B6A54 /* CFNetwork.framework */; };
		4969AD6915C7A0AC005B6A54 /* SessionAddress.m in Sources */ = {isa = PBXBuildFile; fileRef = 4969AD6815C7A0AC005B6A54 /* SessionAddress.m */; };
		4969AD7515C7D6A2005B6A54 /* ReminderViewController.m in Sources */ = {isa = PBXBuildFile; fileRef = 4969AD7315C7D6A2005B6A54 /* ReminderViewController.m */; };
		4969AD7615C7D6A2005B6A54 /* ReminderViewController.xib in Resources */ = {isa = PBXBuildFile; fileRef = 4969AD7415C7D6A2005B6A54 /* ReminderViewController.xib */; };
		49851FA115E329A6007A665A /* GTMBase64.m in Sources */ = {isa = PBXBuildFile; fileRef = 49851F9D15E328A7007A665A /* GTMBase64.m */; };
		49A0C63215D9F9B900083B9F /* ImageService.m in Sources */ = {isa = PBXBuildFile; fileRef = 49A0C63115D9F9B900083B9F /* ImageService.m */; };
		49B762D515F6F94600C5CFAA /* unjoin_button.png in Resources */ = {isa = PBXBuildFile; fileRef = 49B762D315F6F94600C5CFAA /* unjoin_button.png */; };
		49B762D615F6F94600C5CFAA /* join_button.png in Resources */ = {isa = PBXBuildFile; fileRef = 49B762D415F6F94600C5CFAA /* join_button.png */; };
		49B99D3415D887A5009B02A8 /* Reminder.m in Sources */ = {isa = PBXBuildFile; fileRef = 49B99D3315D887A5009B02A8 /* Reminder.m */; };
		49B99D5E15D8D80B009B02A8 /* path_content_back.png in Resources */ = {isa = PBXBuildFile; fileRef = 49B99D5D15D8D80B009B02A8 /* path_content_back.png */; };
		49D3032815FDA5E10031752F /* unreminder_icon.png in Resources */ = {isa = PBXBuildFile; fileRef = 49D3032715FDA5E10031752F /* unreminder_icon.png */; };
		49D32444160C575300B9CE19 /* SenTestingKit.framework in Frameworks */ = {isa = PBXBuildFile; fileRef = 49168F6915C769D300DEA67C /* SenTestingKit.framework */; };
		49D32445160C575300B9CE19 /* UIKit.framework in Frameworks */ = {isa = PBXBuildFile; fileRef = 49168F5115C769D300DEA67C /* UIKit.framework */; };
		49D32446160C575300B9CE19 /* Foundation.framework in Frameworks */ = {isa = PBXBuildFile; fileRef = 49168F5315C769D300DEA67C /* Foundation.framework */; };
		49D3244C160C575300B9CE19 /* InfoPlist.strings in Resources */ = {isa = PBXBuildFile; fileRef = 49D3244A160C575300B9CE19 /* InfoPlist.strings */; };
		49D3244F160C575300B9CE19 /* AwayDay2012Test.m in Sources */ = {isa = PBXBuildFile; fileRef = 49D3244E160C575300B9CE19 /* AwayDay2012Test.m */; };
		49D5881E15DA1FAA00A8DA72 /* share_post_button.png in Resources */ = {isa = PBXBuildFile; fileRef = 49D5881B15DA1FAA00A8DA72 /* share_post_button.png */; };
		49D5881F15DA1FAA00A8DA72 /* share_text_back.png in Resources */ = {isa = PBXBuildFile; fileRef = 49D5881C15DA1FAA00A8DA72 /* share_text_back.png */; };
		49D937F617C1168500889AA7 /* libWeiboSDK.a in Frameworks */ = {isa = PBXBuildFile; fileRef = 49D937F317C1168500889AA7 /* libWeiboSDK.a */; };
		49D937F717C1168500889AA7 /* WeiboSDK.bundle in Resources */ = {isa = PBXBuildFile; fileRef = 49D937F417C1168500889AA7 /* WeiboSDK.bundle */; };
		49D937F917C116DB00889AA7 /* libASILib.a in Frameworks */ = {isa = PBXBuildFile; fileRef = 49D937F817C116DB00889AA7 /* libASILib.a */; };
		49D937FA17C119A800889AA7 /* libPushSDK.a in Frameworks */ = {isa = PBXBuildFile; fileRef = 492D43D517B8FF0B0082C814 /* libPushSDK.a */; };
		49D96BEA15C8EABB00E1C5C8 /* TopSessionClockView.m in Sources */ = {isa = PBXBuildFile; fileRef = 49D96BE915C8EABB00E1C5C8 /* TopSessionClockView.m */; };
		49E1B4E515E5CFD9008844F9 /* share_image_icon.png in Resources */ = {isa = PBXBuildFile; fileRef = 49E1B4E315E5CFD9008844F9 /* share_image_icon.png */; };
		49E1B4E615E5CFD9008844F9 /* share_image_icon@2x.png in Resources */ = {isa = PBXBuildFile; fileRef = 49E1B4E415E5CFD9008844F9 /* share_image_icon@2x.png */; };
		49EBEFBF15D20C9000D1DB4F /* InputNameViewController.m in Sources */ = {isa = PBXBuildFile; fileRef = 49EBEFBD15D20C9000D1DB4F /* InputNameViewController.m */; };
		49EBEFC015D20C9000D1DB4F /* InputNameViewController.xib in Resources */ = {isa = PBXBuildFile; fileRef = 49EBEFBE15D20C9000D1DB4F /* InputNameViewController.xib */; };
		49EBEFC315D20D2500D1DB4F /* AppConstant.m in Sources */ = {isa = PBXBuildFile; fileRef = 49EBEFC215D20D2500D1DB4F /* AppConstant.m */; };
		49EBEFD115D21BB700D1DB4F /* PostShareViewController.m in Sources */ = {isa = PBXBuildFile; fileRef = 49EBEFCF15D21BB700D1DB4F /* PostShareViewController.m */; };
		49EBEFD215D21BB700D1DB4F /* PostShareViewController.xib in Resources */ = {isa = PBXBuildFile; fileRef = 49EBEFD015D21BB700D1DB4F /* PostShareViewController.xib */; };
		49EC240815CA129000DF9B34 /* back.png in Resources */ = {isa = PBXBuildFile; fileRef = 49EC240415CA129000DF9B34 /* back.png */; };
		49EC240915CA129000DF9B34 /* back_button.png in Resources */ = {isa = PBXBuildFile; fileRef = 49EC240515CA129000DF9B34 /* back_button.png */; };
		49EC240A15CA129000DF9B34 /* reminder_icon.png in Resources */ = {isa = PBXBuildFile; fileRef = 49EC240615CA129000DF9B34 /* reminder_icon.png */; };
		49EC240B15CA129000DF9B34 /* vertical_line.png in Resources */ = {isa = PBXBuildFile; fileRef = 49EC240715CA129000DF9B34 /* vertical_line.png */; };
		49EC240E15CA17C600DF9B34 /* back_button@2x.png in Resources */ = {isa = PBXBuildFile; fileRef = 49EC240D15CA17C600DF9B34 /* back_button@2x.png */; };
		49EC241215CA1AD800DF9B34 /* AppHelper.m in Sources */ = {isa = PBXBuildFile; fileRef = 49EC241115CA1AD800DF9B34 /* AppHelper.m */; };
		49EC241A15CA2CE400DF9B34 /* join_button.png in Resources */ = {isa = PBXBuildFile; fileRef = 49EC241715CA2CE400DF9B34 /* join_button.png */; };
		49EC241B15CA2CE400DF9B34 /* reminder_button.png in Resources */ = {isa = PBXBuildFile; fileRef = 49EC241815CA2CE400DF9B34 /* reminder_button.png */; };
		49EC241C15CA2CE400DF9B34 /* share_button.png in Resources */ = {isa = PBXBuildFile; fileRef = 49EC241915CA2CE400DF9B34 /* share_button.png */; };
		F1E342C117C49EB3002A9084 /* Crashlytics.framework in Frameworks */ = {isa = PBXBuildFile; fileRef = F1E342C017C49EB3002A9084 /* Crashlytics.framework */; };
/* End PBXBuildFile section */

/* Begin PBXFileReference section */
		36867018C1DE768530D8B3E1 /* AFXMLRequestOperation.m */ = {isa = PBXFileReference; fileEncoding = 4; lastKnownFileType = sourcecode.c.objc; path = AFXMLRequestOperation.m; sourceTree = "<group>"; };
		36867187941E5CBB1581795E /* AFNetworkActivityIndicatorManager.h */ = {isa = PBXFileReference; fileEncoding = 4; lastKnownFileType = sourcecode.c.h; path = AFNetworkActivityIndicatorManager.h; sourceTree = "<group>"; };
		368671A69FB455370F27AE3B /* AFImageRequestOperation.h */ = {isa = PBXFileReference; fileEncoding = 4; lastKnownFileType = sourcecode.c.h; path = AFImageRequestOperation.h; sourceTree = "<group>"; };
		368671B0BE6ADD5C88551E19 /* AFXMLRequestOperation.h */ = {isa = PBXFileReference; fileEncoding = 4; lastKnownFileType = sourcecode.c.h; path = AFXMLRequestOperation.h; sourceTree = "<group>"; };
		368672917599FB0B5AA19687 /* AFPropertyListRequestOperation.m */ = {isa = PBXFileReference; fileEncoding = 4; lastKnownFileType = sourcecode.c.objc; path = AFPropertyListRequestOperation.m; sourceTree = "<group>"; };
		36867441F95C0884A66BEB74 /* AFNetworking.h */ = {isa = PBXFileReference; fileEncoding = 4; lastKnownFileType = sourcecode.c.h; path = AFNetworking.h; sourceTree = "<group>"; };
		3686758D174EB31A1C5B9BFA /* AFPropertyListRequestOperation.h */ = {isa = PBXFileReference; fileEncoding = 4; lastKnownFileType = sourcecode.c.h; path = AFPropertyListRequestOperation.h; sourceTree = "<group>"; };
		3686764B39D545BF907D956B /* AFHTTPRequestOperation.m */ = {isa = PBXFileReference; fileEncoding = 4; lastKnownFileType = sourcecode.c.objc; path = AFHTTPRequestOperation.m; sourceTree = "<group>"; };
		3686770DA7A10797F0737085 /* AFHTTPClient.m */ = {isa = PBXFileReference; fileEncoding = 4; lastKnownFileType = sourcecode.c.objc; path = AFHTTPClient.m; sourceTree = "<group>"; };
		3686779DAC19F88675440418 /* AFHTTPRequestOperation.h */ = {isa = PBXFileReference; fileEncoding = 4; lastKnownFileType = sourcecode.c.h; path = AFHTTPRequestOperation.h; sourceTree = "<group>"; };
		368677CDB4697D944CDD3F7D /* AFURLConnectionOperation.h */ = {isa = PBXFileReference; fileEncoding = 4; lastKnownFileType = sourcecode.c.h; path = AFURLConnectionOperation.h; sourceTree = "<group>"; };
		368678301E9D23B80ED5BEC7 /* AFJSONRequestOperation.m */ = {isa = PBXFileReference; fileEncoding = 4; lastKnownFileType = sourcecode.c.objc; path = AFJSONRequestOperation.m; sourceTree = "<group>"; };
		3686787637C9CC58330CD400 /* UIImageView+AFNetworking.m */ = {isa = PBXFileReference; fileEncoding = 4; lastKnownFileType = sourcecode.c.objc; path = "UIImageView+AFNetworking.m"; sourceTree = "<group>"; };
		36867B0CA9AB3D247B63640A /* UIImageView+AFNetworking.h */ = {isa = PBXFileReference; fileEncoding = 4; lastKnownFileType = sourcecode.c.h; path = "UIImageView+AFNetworking.h"; sourceTree = "<group>"; };
		36867C07CF3631F1A657A441 /* AFNetworkActivityIndicatorManager.m */ = {isa = PBXFileReference; fileEncoding = 4; lastKnownFileType = sourcecode.c.objc; path = AFNetworkActivityIndicatorManager.m; sourceTree = "<group>"; };
		36867D0C3BB98D1B8554C492 /* AFURLConnectionOperation.m */ = {isa = PBXFileReference; fileEncoding = 4; lastKnownFileType = sourcecode.c.objc; path = AFURLConnectionOperation.m; sourceTree = "<group>"; };
		36867D3D4496D97105DD6AFB /* AFJSONRequestOperation.h */ = {isa = PBXFileReference; fileEncoding = 4; lastKnownFileType = sourcecode.c.h; path = AFJSONRequestOperation.h; sourceTree = "<group>"; };
		36867D47ABF6EAE2645B32D8 /* AFImageRequestOperation.m */ = {isa = PBXFileReference; fileEncoding = 4; lastKnownFileType = sourcecode.c.objc; path = AFImageRequestOperation.m; sourceTree = "<group>"; };
		36867E0CECE210304AD5EBFF /* AFHTTPClient.h */ = {isa = PBXFileReference; fileEncoding = 4; lastKnownFileType = sourcecode.c.h; path = AFHTTPClient.h; sourceTree = "<group>"; };
		44060A4E178B040200ACA13C /* AgendaListRetriever.h */ = {isa = PBXFileReference; fileEncoding = 4; lastKnownFileType = sourcecode.c.h; name = AgendaListRetriever.h; path = Handler/AgendaListRetriever.h; sourceTree = "<group>"; };
		44060A4F178B040200ACA13C /* AgendaListRetriever.m */ = {isa = PBXFileReference; fileEncoding = 4; lastKnownFileType = sourcecode.c.objc; name = AgendaListRetriever.m; path = Handler/AgendaListRetriever.m; sourceTree = "<group>"; };
		44FEFD0C178DA1DB00032CAA /* SBJson.h */ = {isa = PBXFileReference; fileEncoding = 4; lastKnownFileType = sourcecode.c.h; path = SBJson.h; sourceTree = "<group>"; };
		44FEFD0D178DA1DB00032CAA /* SBJsonParser.h */ = {isa = PBXFileReference; fileEncoding = 4; lastKnownFileType = sourcecode.c.h; path = SBJsonParser.h; sourceTree = "<group>"; };
		44FEFD0E178DA1DB00032CAA /* SBJsonParser.m */ = {isa = PBXFileReference; fileEncoding = 4; lastKnownFileType = sourcecode.c.objc; path = SBJsonParser.m; sourceTree = "<group>"; };
		44FEFD0F178DA1DB00032CAA /* SBJsonStreamParser.h */ = {isa = PBXFileReference; fileEncoding = 4; lastKnownFileType = sourcecode.c.h; path = SBJsonStreamParser.h; sourceTree = "<group>"; };
		44FEFD10178DA1DB00032CAA /* SBJsonStreamParser.m */ = {isa = PBXFileReference; fileEncoding = 4; lastKnownFileType = sourcecode.c.objc; path = SBJsonStreamParser.m; sourceTree = "<group>"; };
		44FEFD11178DA1DB00032CAA /* SBJsonStreamParserAccumulator.h */ = {isa = PBXFileReference; fileEncoding = 4; lastKnownFileType = sourcecode.c.h; path = SBJsonStreamParserAccumulator.h; sourceTree = "<group>"; };
		44FEFD12178DA1DB00032CAA /* SBJsonStreamParserAccumulator.m */ = {isa = PBXFileReference; fileEncoding = 4; lastKnownFileType = sourcecode.c.objc; path = SBJsonStreamParserAccumulator.m; sourceTree = "<group>"; };
		44FEFD13178DA1DB00032CAA /* SBJsonStreamParserAdapter.h */ = {isa = PBXFileReference; fileEncoding = 4; lastKnownFileType = sourcecode.c.h; path = SBJsonStreamParserAdapter.h; sourceTree = "<group>"; };
		44FEFD14178DA1DB00032CAA /* SBJsonStreamParserAdapter.m */ = {isa = PBXFileReference; fileEncoding = 4; lastKnownFileType = sourcecode.c.objc; path = SBJsonStreamParserAdapter.m; sourceTree = "<group>"; };
		44FEFD15178DA1DB00032CAA /* SBJsonStreamParserState.h */ = {isa = PBXFileReference; fileEncoding = 4; lastKnownFileType = sourcecode.c.h; path = SBJsonStreamParserState.h; sourceTree = "<group>"; };
		44FEFD16178DA1DB00032CAA /* SBJsonStreamParserState.m */ = {isa = PBXFileReference; fileEncoding = 4; lastKnownFileType = sourcecode.c.objc; path = SBJsonStreamParserState.m; sourceTree = "<group>"; };
		44FEFD17178DA1DB00032CAA /* SBJsonStreamTokeniser.h */ = {isa = PBXFileReference; fileEncoding = 4; lastKnownFileType = sourcecode.c.h; path = SBJsonStreamTokeniser.h; sourceTree = "<group>"; };
		44FEFD18178DA1DB00032CAA /* SBJsonStreamTokeniser.m */ = {isa = PBXFileReference; fileEncoding = 4; lastKnownFileType = sourcecode.c.objc; path = SBJsonStreamTokeniser.m; sourceTree = "<group>"; };
		44FEFD19178DA1DB00032CAA /* SBJsonStreamWriter.h */ = {isa = PBXFileReference; fileEncoding = 4; lastKnownFileType = sourcecode.c.h; path = SBJsonStreamWriter.h; sourceTree = "<group>"; };
		44FEFD1A178DA1DB00032CAA /* SBJsonStreamWriter.m */ = {isa = PBXFileReference; fileEncoding = 4; lastKnownFileType = sourcecode.c.objc; path = SBJsonStreamWriter.m; sourceTree = "<group>"; };
		44FEFD1B178DA1DB00032CAA /* SBJsonStreamWriterAccumulator.h */ = {isa = PBXFileReference; fileEncoding = 4; lastKnownFileType = sourcecode.c.h; path = SBJsonStreamWriterAccumulator.h; sourceTree = "<group>"; };
		44FEFD1C178DA1DB00032CAA /* SBJsonStreamWriterAccumulator.m */ = {isa = PBXFileReference; fileEncoding = 4; lastKnownFileType = sourcecode.c.objc; path = SBJsonStreamWriterAccumulator.m; sourceTree = "<group>"; };
		44FEFD1D178DA1DB00032CAA /* SBJsonStreamWriterState.h */ = {isa = PBXFileReference; fileEncoding = 4; lastKnownFileType = sourcecode.c.h; path = SBJsonStreamWriterState.h; sourceTree = "<group>"; };
		44FEFD1E178DA1DB00032CAA /* SBJsonStreamWriterState.m */ = {isa = PBXFileReference; fileEncoding = 4; lastKnownFileType = sourcecode.c.objc; path = SBJsonStreamWriterState.m; sourceTree = "<group>"; };
		44FEFD1F178DA1DB00032CAA /* SBJsonWriter.h */ = {isa = PBXFileReference; fileEncoding = 4; lastKnownFileType = sourcecode.c.h; path = SBJsonWriter.h; sourceTree = "<group>"; };
		44FEFD20178DA1DB00032CAA /* SBJsonWriter.m */ = {isa = PBXFileReference; fileEncoding = 4; lastKnownFileType = sourcecode.c.objc; path = SBJsonWriter.m; sourceTree = "<group>"; };
		44FEFD67178DA48000032CAA /* ASIAuthenticationDialog.h */ = {isa = PBXFileReference; fileEncoding = 4; lastKnownFileType = sourcecode.c.h; path = ASIAuthenticationDialog.h; sourceTree = "<group>"; };
		44FEFD68178DA48000032CAA /* ASICacheDelegate.h */ = {isa = PBXFileReference; fileEncoding = 4; lastKnownFileType = sourcecode.c.h; path = ASICacheDelegate.h; sourceTree = "<group>"; };
		44FEFD69178DA48000032CAA /* ASIDataCompressor.h */ = {isa = PBXFileReference; fileEncoding = 4; lastKnownFileType = sourcecode.c.h; path = ASIDataCompressor.h; sourceTree = "<group>"; };
		44FEFD6A178DA48000032CAA /* ASIDataDecompressor.h */ = {isa = PBXFileReference; fileEncoding = 4; lastKnownFileType = sourcecode.c.h; path = ASIDataDecompressor.h; sourceTree = "<group>"; };
		44FEFD6B178DA48000032CAA /* ASIDownloadCache.h */ = {isa = PBXFileReference; fileEncoding = 4; lastKnownFileType = sourcecode.c.h; path = ASIDownloadCache.h; sourceTree = "<group>"; };
		44FEFD6C178DA48000032CAA /* ASIFormDataRequest.h */ = {isa = PBXFileReference; fileEncoding = 4; lastKnownFileType = sourcecode.c.h; path = ASIFormDataRequest.h; sourceTree = "<group>"; };
		44FEFD6D178DA48000032CAA /* ASIHTTPRequest.h */ = {isa = PBXFileReference; fileEncoding = 4; lastKnownFileType = sourcecode.c.h; path = ASIHTTPRequest.h; sourceTree = "<group>"; };
		44FEFD6E178DA48000032CAA /* ASIHTTPRequestConfig.h */ = {isa = PBXFileReference; fileEncoding = 4; lastKnownFileType = sourcecode.c.h; path = ASIHTTPRequestConfig.h; sourceTree = "<group>"; };
		44FEFD6F178DA48000032CAA /* ASIHTTPRequestDelegate.h */ = {isa = PBXFileReference; fileEncoding = 4; lastKnownFileType = sourcecode.c.h; path = ASIHTTPRequestDelegate.h; sourceTree = "<group>"; };
		44FEFD70178DA48000032CAA /* ASIInputStream.h */ = {isa = PBXFileReference; fileEncoding = 4; lastKnownFileType = sourcecode.c.h; path = ASIInputStream.h; sourceTree = "<group>"; };
		44FEFD71178DA48000032CAA /* ASINetworkQueue.h */ = {isa = PBXFileReference; fileEncoding = 4; lastKnownFileType = sourcecode.c.h; path = ASINetworkQueue.h; sourceTree = "<group>"; };
		44FEFD72178DA48000032CAA /* ASIProgressDelegate.h */ = {isa = PBXFileReference; fileEncoding = 4; lastKnownFileType = sourcecode.c.h; path = ASIProgressDelegate.h; sourceTree = "<group>"; };
		49073B4615CB774A00BB1522 /* MenuViewController.h */ = {isa = PBXFileReference; fileEncoding = 4; lastKnownFileType = sourcecode.c.h; path = MenuViewController.h; sourceTree = "<group>"; };
		49073B4715CB774A00BB1522 /* MenuViewController.m */ = {isa = PBXFileReference; fileEncoding = 4; lastKnownFileType = sourcecode.c.objc; path = MenuViewController.m; sourceTree = "<group>"; };
		49073B4815CB774A00BB1522 /* MenuViewController.xib */ = {isa = PBXFileReference; fileEncoding = 4; lastKnownFileType = file.xib; name = MenuViewController.xib; path = AwayDay2012/MenuViewController.xib; sourceTree = "<group>"; };
		49073B4B15CB7A5900BB1522 /* SettingViewController.h */ = {isa = PBXFileReference; fileEncoding = 4; lastKnownFileType = sourcecode.c.h; path = SettingViewController.h; sourceTree = "<group>"; };
		49073B4C15CB7A5900BB1522 /* SettingViewController.m */ = {isa = PBXFileReference; fileEncoding = 4; lastKnownFileType = sourcecode.c.objc; path = SettingViewController.m; sourceTree = "<group>"; };
		49073B4D15CB7A5900BB1522 /* SettingViewController.xib */ = {isa = PBXFileReference; fileEncoding = 4; lastKnownFileType = file.xib; name = SettingViewController.xib; path = AwayDay2012/SettingViewController.xib; sourceTree = "<group>"; };
		490B91DF15D4B60E00539E2A /* libsqlite3.dylib */ = {isa = PBXFileReference; lastKnownFileType = "compiled.mach-o.dylib"; name = libsqlite3.dylib; path = usr/lib/libsqlite3.dylib; sourceTree = SDKROOT; };
		490B91EA15D4B78B00539E2A /* DBService.h */ = {isa = PBXFileReference; fileEncoding = 4; lastKnownFileType = sourcecode.c.h; path = DBService.h; sourceTree = "<group>"; };
		490B91EB15D4B78B00539E2A /* DBService.m */ = {isa = PBXFileReference; fileEncoding = 4; lastKnownFileType = sourcecode.c.objc; path = DBService.m; sourceTree = "<group>"; };
		490C467B15EDE77F008F1CA9 /* agenda_view_icon.png */ = {isa = PBXFileReference; lastKnownFileType = image.png; path = agenda_view_icon.png; sourceTree = "<group>"; };
		490C467D15EDE780008F1CA9 /* path_view_icon.png */ = {isa = PBXFileReference; lastKnownFileType = image.png; path = path_view_icon.png; sourceTree = "<group>"; };
		490C467F15EDE780008F1CA9 /* setting_view_icon.png */ = {isa = PBXFileReference; lastKnownFileType = image.png; path = setting_view_icon.png; sourceTree = "<group>"; };
		490C468715EDF7F1008F1CA9 /* unreminder_button.png */ = {isa = PBXFileReference; lastKnownFileType = image.png; path = unreminder_button.png; sourceTree = "<group>"; };
		4913EB0315E4B02500C93E43 /* user_db.sqlite */ = {isa = PBXFileReference; lastKnownFileType = file; path = user_db.sqlite; sourceTree = "<group>"; };
		49168F4D15C769D300DEA67C /* AwayDay2012.app */ = {isa = PBXFileReference; explicitFileType = wrapper.application; includeInIndex = 0; path = AwayDay2012.app; sourceTree = BUILT_PRODUCTS_DIR; };
		49168F5115C769D300DEA67C /* UIKit.framework */ = {isa = PBXFileReference; lastKnownFileType = wrapper.framework; name = UIKit.framework; path = System/Library/Frameworks/UIKit.framework; sourceTree = SDKROOT; };
		49168F5315C769D300DEA67C /* Foundation.framework */ = {isa = PBXFileReference; lastKnownFileType = wrapper.framework; name = Foundation.framework; path = System/Library/Frameworks/Foundation.framework; sourceTree = SDKROOT; };
		49168F5515C769D300DEA67C /* CoreGraphics.framework */ = {isa = PBXFileReference; lastKnownFileType = wrapper.framework; name = CoreGraphics.framework; path = System/Library/Frameworks/CoreGraphics.framework; sourceTree = SDKROOT; };
		49168F5915C769D300DEA67C /* AwayDay2012-Info.plist */ = {isa = PBXFileReference; lastKnownFileType = text.plist.xml; path = "AwayDay2012-Info.plist"; sourceTree = "<group>"; };
		49168F5B15C769D300DEA67C /* en */ = {isa = PBXFileReference; lastKnownFileType = text.plist.strings; name = en; path = en.lproj/InfoPlist.strings; sourceTree = "<group>"; };
		49168F5D15C769D300DEA67C /* main.m */ = {isa = PBXFileReference; lastKnownFileType = sourcecode.c.objc; path = main.m; sourceTree = "<group>"; };
		49168F5F15C769D300DEA67C /* AwayDay2012-Prefix.pch */ = {isa = PBXFileReference; lastKnownFileType = sourcecode.c.h; path = "AwayDay2012-Prefix.pch"; sourceTree = "<group>"; };
		49168F6015C769D300DEA67C /* AppDelegate.h */ = {isa = PBXFileReference; lastKnownFileType = sourcecode.c.h; path = AppDelegate.h; sourceTree = "<group>"; };
		49168F6115C769D300DEA67C /* AppDelegate.m */ = {isa = PBXFileReference; lastKnownFileType = sourcecode.c.objc; path = AppDelegate.m; sourceTree = "<group>"; };
		49168F6915C769D300DEA67C /* SenTestingKit.framework */ = {isa = PBXFileReference; lastKnownFileType = wrapper.framework; name = SenTestingKit.framework; path = Library/Frameworks/SenTestingKit.framework; sourceTree = DEVELOPER_DIR; };
		49168F8415C76A5E00DEA67C /* RootViewController.xib */ = {isa = PBXFileReference; fileEncoding = 4; lastKnownFileType = file.xib; name = RootViewController.xib; path = AwayDay2012/RootViewController.xib; sourceTree = "<group>"; };
		49168F9115C775CB00DEA67C /* Agenda.h */ = {isa = PBXFileReference; fileEncoding = 4; lastKnownFileType = sourcecode.c.h; path = Agenda.h; sourceTree = "<group>"; };
		49168F9215C775CB00DEA67C /* Agenda.m */ = {isa = PBXFileReference; fileEncoding = 4; lastKnownFileType = sourcecode.c.objc; path = Agenda.m; sourceTree = "<group>"; };
		49168F9815C7764800DEA67C /* Session.h */ = {isa = PBXFileReference; fileEncoding = 4; lastKnownFileType = sourcecode.c.h; path = Session.h; sourceTree = "<group>"; };
		49168F9915C7764800DEA67C /* Session.m */ = {isa = PBXFileReference; fileEncoding = 4; lastKnownFileType = sourcecode.c.objc; path = Session.m; sourceTree = "<group>"; };
		492B859515EF2C0B00802F8F /* Default.png */ = {isa = PBXFileReference; lastKnownFileType = image.png; path = Default.png; sourceTree = "<group>"; };
		492B859815EF2C0F00802F8F /* Default@2x.png */ = {isa = PBXFileReference; lastKnownFileType = image.png; path = "Default@2x.png"; sourceTree = "<group>"; };
		492D43D317B8FF0B0082C814 /* APService.h */ = {isa = PBXFileReference; fileEncoding = 4; lastKnownFileType = sourcecode.c.h; path = APService.h; sourceTree = "<group>"; };
		492D43D517B8FF0B0082C814 /* libPushSDK.a */ = {isa = PBXFileReference; lastKnownFileType = archive.ar; path = libPushSDK.a; sourceTree = "<group>"; };
		492D43D917B8FF960082C814 /* CoreFoundation.framework */ = {isa = PBXFileReference; lastKnownFileType = wrapper.framework; name = CoreFoundation.framework; path = System/Library/Frameworks/CoreFoundation.framework; sourceTree = SDKROOT; };
		492D43DB17B8FF9E0082C814 /* CoreTelephony.framework */ = {isa = PBXFileReference; lastKnownFileType = wrapper.framework; name = CoreTelephony.framework; path = System/Library/Frameworks/CoreTelephony.framework; sourceTree = SDKROOT; };
		492D43DD17B9BD870082C814 /* PushConfig.plist */ = {isa = PBXFileReference; fileEncoding = 4; lastKnownFileType = text.plist.xml; path = PushConfig.plist; sourceTree = "<group>"; };
		4934F9DD15CA65CE00427597 /* EGORefreshTableHeaderView.h */ = {isa = PBXFileReference; fileEncoding = 4; lastKnownFileType = sourcecode.c.h; path = EGORefreshTableHeaderView.h; sourceTree = "<group>"; };
		4934F9DE15CA65CE00427597 /* EGORefreshTableHeaderView.m */ = {isa = PBXFileReference; fileEncoding = 4; lastKnownFileType = sourcecode.c.objc; path = EGORefreshTableHeaderView.m; sourceTree = "<group>"; };
		4934F9E215CA671700427597 /* blackArrow.png */ = {isa = PBXFileReference; lastKnownFileType = image.png; path = blackArrow.png; sourceTree = "<group>"; };
		4934F9E315CA671700427597 /* blackArrow@2x.png */ = {isa = PBXFileReference; lastKnownFileType = image.png; path = "blackArrow@2x.png"; sourceTree = "<group>"; };
		4934F9E415CA671700427597 /* blueArrow.png */ = {isa = PBXFileReference; lastKnownFileType = image.png; path = blueArrow.png; sourceTree = "<group>"; };
		4934F9E515CA671700427597 /* blueArrow@2x.png */ = {isa = PBXFileReference; lastKnownFileType = image.png; path = "blueArrow@2x.png"; sourceTree = "<group>"; };
		4934F9E615CA671700427597 /* grayArrow.png */ = {isa = PBXFileReference; lastKnownFileType = image.png; path = grayArrow.png; sourceTree = "<group>"; };
		4934F9E715CA671700427597 /* grayArrow@2x.png */ = {isa = PBXFileReference; lastKnownFileType = image.png; path = "grayArrow@2x.png"; sourceTree = "<group>"; };
		4934F9E815CA671700427597 /* whiteArrow.png */ = {isa = PBXFileReference; lastKnownFileType = image.png; path = whiteArrow.png; sourceTree = "<group>"; };
		4934F9E915CA671700427597 /* whiteArrow@2x.png */ = {isa = PBXFileReference; lastKnownFileType = image.png; path = "whiteArrow@2x.png"; sourceTree = "<group>"; };
		4934F9FF15CA703200427597 /* AgendaViewController.m */ = {isa = PBXFileReference; fileEncoding = 4; lastKnownFileType = sourcecode.c.objc; path = AgendaViewController.m; sourceTree = "<group>"; };
		4934FA0015CA703200427597 /* AgendaViewController.h */ = {isa = PBXFileReference; fileEncoding = 4; lastKnownFileType = sourcecode.c.h; path = AgendaViewController.h; sourceTree = "<group>"; };
		493697C915C8D86400941C94 /* QuartzCore.framework */ = {isa = PBXFileReference; lastKnownFileType = wrapper.framework; name = QuartzCore.framework; path = System/Library/Frameworks/QuartzCore.framework; sourceTree = SDKROOT; };
		4959E24A15D39BA100091D6F /* UserPath.h */ = {isa = PBXFileReference; fileEncoding = 4; lastKnownFileType = sourcecode.c.h; path = UserPath.h; sourceTree = "<group>"; };
		4959E24B15D39BA100091D6F /* UserPath.m */ = {isa = PBXFileReference; fileEncoding = 4; lastKnownFileType = sourcecode.c.objc; path = UserPath.m; sourceTree = "<group>"; };
		4959E24E15D39DD200091D6F /* UserPathViewController.h */ = {isa = PBXFileReference; fileEncoding = 4; lastKnownFileType = sourcecode.c.h; path = UserPathViewController.h; sourceTree = "<group>"; };
		4959E24F15D39DD200091D6F /* UserPathViewController.m */ = {isa = PBXFileReference; fileEncoding = 4; lastKnownFileType = sourcecode.c.objc; path = UserPathViewController.m; sourceTree = "<group>"; };
		4959E25315D39FCB00091D6F /* UserPathViewController.xib */ = {isa = PBXFileReference; fileEncoding = 4; lastKnownFileType = file.xib; path = UserPathViewController.xib; sourceTree = "<group>"; };
		495CA18D15CBC7D400C09F48 /* action_button.png */ = {isa = PBXFileReference; lastKnownFileType = image.png; path = action_button.png; sourceTree = "<group>"; };
		495CA19015CBC97100C09F48 /* choose_flag.png */ = {isa = PBXFileReference; lastKnownFileType = image.png; path = choose_flag.png; sourceTree = "<group>"; };
		49687589160455A7000BD587 /* Icon.png */ = {isa = PBXFileReference; lastKnownFileType = image.png; path = Icon.png; sourceTree = "<group>"; };
		4968758C160455AA000BD587 /* Icon@2x.png */ = {isa = PBXFileReference; lastKnownFileType = image.png; path = "Icon@2x.png"; sourceTree = "<group>"; };
		4968759016045798000BD587 /* save_button.png */ = {isa = PBXFileReference; lastKnownFileType = image.png; path = save_button.png; sourceTree = "<group>"; };
		496875921604580E000BD587 /* name_input_back.png */ = {isa = PBXFileReference; lastKnownFileType = image.png; path = name_input_back.png; sourceTree = "<group>"; };
		4969AD5315C78BCA005B6A54 /* Reachability.h */ = {isa = PBXFileReference; fileEncoding = 4; lastKnownFileType = sourcecode.c.h; path = Reachability.h; sourceTree = "<group>"; };
		4969AD5F15C78C23005B6A54 /* SystemConfiguration.framework */ = {isa = PBXFileReference; lastKnownFileType = wrapper.framework; name = SystemConfiguration.framework; path = System/Library/Frameworks/SystemConfiguration.framework; sourceTree = SDKROOT; };
		4969AD6115C78C2B005B6A54 /* MobileCoreServices.framework */ = {isa = PBXFileReference; lastKnownFileType = wrapper.framework; name = MobileCoreServices.framework; path = System/Library/Frameworks/MobileCoreServices.framework; sourceTree = SDKROOT; };
		4969AD6315C78C48005B6A54 /* libz.dylib */ = {isa = PBXFileReference; lastKnownFileType = "compiled.mach-o.dylib"; name = libz.dylib; path = usr/lib/libz.dylib; sourceTree = SDKROOT; };
		4969AD6515C78C8B005B6A54 /* CFNetwork.framework */ = {isa = PBXFileReference; lastKnownFileType = wrapper.framework; name = CFNetwork.framework; path = System/Library/Frameworks/CFNetwork.framework; sourceTree = SDKROOT; };
		4969AD6715C7A0AC005B6A54 /* SessionAddress.h */ = {isa = PBXFileReference; fileEncoding = 4; lastKnownFileType = sourcecode.c.h; path = SessionAddress.h; sourceTree = "<group>"; };
		4969AD6815C7A0AC005B6A54 /* SessionAddress.m */ = {isa = PBXFileReference; fileEncoding = 4; lastKnownFileType = sourcecode.c.objc; path = SessionAddress.m; sourceTree = "<group>"; };
		4969AD7215C7D6A2005B6A54 /* ReminderViewController.h */ = {isa = PBXFileReference; fileEncoding = 4; lastKnownFileType = sourcecode.c.h; path = ReminderViewController.h; sourceTree = "<group>"; };
		4969AD7315C7D6A2005B6A54 /* ReminderViewController.m */ = {isa = PBXFileReference; fileEncoding = 4; lastKnownFileType = sourcecode.c.objc; path = ReminderViewController.m; sourceTree = "<group>"; };
		4969AD7415C7D6A2005B6A54 /* ReminderViewController.xib */ = {isa = PBXFileReference; fileEncoding = 4; lastKnownFileType = file.xib; name = ReminderViewController.xib; path = AwayDay2012/ReminderViewController.xib; sourceTree = "<group>"; };
		49851F9C15E328A7007A665A /* GTMBase64.h */ = {isa = PBXFileReference; fileEncoding = 4; lastKnownFileType = sourcecode.c.h; path = GTMBase64.h; sourceTree = "<group>"; };
		49851F9D15E328A7007A665A /* GTMBase64.m */ = {isa = PBXFileReference; fileEncoding = 4; lastKnownFileType = sourcecode.c.objc; path = GTMBase64.m; sourceTree = "<group>"; };
		49851F9E15E328A7007A665A /* GTMDefines.h */ = {isa = PBXFileReference; fileEncoding = 4; lastKnownFileType = sourcecode.c.h; path = GTMDefines.h; sourceTree = "<group>"; };
		49A0C63015D9F9B900083B9F /* ImageService.h */ = {isa = PBXFileReference; fileEncoding = 4; lastKnownFileType = sourcecode.c.h; path = ImageService.h; sourceTree = "<group>"; };
		49A0C63115D9F9B900083B9F /* ImageService.m */ = {isa = PBXFileReference; fileEncoding = 4; lastKnownFileType = sourcecode.c.objc; path = ImageService.m; sourceTree = "<group>"; };
		49B762D315F6F94600C5CFAA /* unjoin_button.png */ = {isa = PBXFileReference; lastKnownFileType = image.png; path = unjoin_button.png; sourceTree = "<group>"; };
		49B762D415F6F94600C5CFAA /* join_button.png */ = {isa = PBXFileReference; lastKnownFileType = image.png; path = join_button.png; sourceTree = "<group>"; };
		49B99D3215D887A5009B02A8 /* Reminder.h */ = {isa = PBXFileReference; fileEncoding = 4; lastKnownFileType = sourcecode.c.h; path = Reminder.h; sourceTree = "<group>"; };
		49B99D3315D887A5009B02A8 /* Reminder.m */ = {isa = PBXFileReference; fileEncoding = 4; lastKnownFileType = sourcecode.c.objc; path = Reminder.m; sourceTree = "<group>"; };
		49B99D3615D888F0009B02A8 /* DBServiceTest.h */ = {isa = PBXFileReference; fileEncoding = 4; lastKnownFileType = sourcecode.c.h; name = DBServiceTest.h; path = AwayDay2012Tests/DBServiceTest.h; sourceTree = SOURCE_ROOT; };
		49B99D3715D888F0009B02A8 /* DBServiceTest.m */ = {isa = PBXFileReference; fileEncoding = 4; lastKnownFileType = sourcecode.c.objc; name = DBServiceTest.m; path = AwayDay2012Tests/DBServiceTest.m; sourceTree = SOURCE_ROOT; };
		49B99D5D15D8D80B009B02A8 /* path_content_back.png */ = {isa = PBXFileReference; lastKnownFileType = image.png; path = path_content_back.png; sourceTree = "<group>"; };
		49D3032715FDA5E10031752F /* unreminder_icon.png */ = {isa = PBXFileReference; lastKnownFileType = image.png; path = unreminder_icon.png; sourceTree = "<group>"; };
		49D32443160C575300B9CE19 /* AwayDay2012Test.octest */ = {isa = PBXFileReference; explicitFileType = wrapper.cfbundle; includeInIndex = 0; path = AwayDay2012Test.octest; sourceTree = BUILT_PRODUCTS_DIR; };
		49D32449160C575300B9CE19 /* AwayDay2012Test-Info.plist */ = {isa = PBXFileReference; lastKnownFileType = text.plist.xml; path = "AwayDay2012Test-Info.plist"; sourceTree = "<group>"; };
		49D3244B160C575300B9CE19 /* en */ = {isa = PBXFileReference; lastKnownFileType = text.plist.strings; name = en; path = en.lproj/InfoPlist.strings; sourceTree = "<group>"; };
		49D3244D160C575300B9CE19 /* AwayDay2012Test.h */ = {isa = PBXFileReference; lastKnownFileType = sourcecode.c.h; path = AwayDay2012Test.h; sourceTree = "<group>"; };
		49D3244E160C575300B9CE19 /* AwayDay2012Test.m */ = {isa = PBXFileReference; lastKnownFileType = sourcecode.c.objc; path = AwayDay2012Test.m; sourceTree = "<group>"; };
		49D32450160C575300B9CE19 /* AwayDay2012Test-Prefix.pch */ = {isa = PBXFileReference; lastKnownFileType = sourcecode.c.h; path = "AwayDay2012Test-Prefix.pch"; sourceTree = "<group>"; };
		49D5881B15DA1FAA00A8DA72 /* share_post_button.png */ = {isa = PBXFileReference; lastKnownFileType = image.png; path = share_post_button.png; sourceTree = "<group>"; };
		49D5881C15DA1FAA00A8DA72 /* share_text_back.png */ = {isa = PBXFileReference; lastKnownFileType = image.png; path = share_text_back.png; sourceTree = "<group>"; };
		49D5882015DA24FB00A8DA72 /* ImageServiceTest.h */ = {isa = PBXFileReference; fileEncoding = 4; lastKnownFileType = sourcecode.c.h; name = ImageServiceTest.h; path = AwayDay2012Tests/ImageServiceTest.h; sourceTree = SOURCE_ROOT; };
		49D5882115DA24FB00A8DA72 /* ImageServiceTest.m */ = {isa = PBXFileReference; fileEncoding = 4; lastKnownFileType = sourcecode.c.objc; name = ImageServiceTest.m; path = AwayDay2012Tests/ImageServiceTest.m; sourceTree = SOURCE_ROOT; };
		49D937F317C1168500889AA7 /* libWeiboSDK.a */ = {isa = PBXFileReference; lastKnownFileType = archive.ar; path = libWeiboSDK.a; sourceTree = "<group>"; };
		49D937F417C1168500889AA7 /* WeiboSDK.bundle */ = {isa = PBXFileReference; lastKnownFileType = "wrapper.plug-in"; path = WeiboSDK.bundle; sourceTree = "<group>"; };
		49D937F517C1168500889AA7 /* WeiboSDK.h */ = {isa = PBXFileReference; fileEncoding = 4; lastKnownFileType = sourcecode.c.h; path = WeiboSDK.h; sourceTree = "<group>"; };
		49D937F817C116DB00889AA7 /* libASILib.a */ = {isa = PBXFileReference; lastKnownFileType = archive.ar; name = libASILib.a; path = AwayDay2012/libASILib.a; sourceTree = "<group>"; };
		49D96BE815C8EABB00E1C5C8 /* TopSessionClockView.h */ = {isa = PBXFileReference; fileEncoding = 4; lastKnownFileType = sourcecode.c.h; path = TopSessionClockView.h; sourceTree = "<group>"; };
		49D96BE915C8EABB00E1C5C8 /* TopSessionClockView.m */ = {isa = PBXFileReference; fileEncoding = 4; lastKnownFileType = sourcecode.c.objc; path = TopSessionClockView.m; sourceTree = "<group>"; };
		49E1B4E315E5CFD9008844F9 /* share_image_icon.png */ = {isa = PBXFileReference; lastKnownFileType = image.png; path = share_image_icon.png; sourceTree = "<group>"; };
		49E1B4E415E5CFD9008844F9 /* share_image_icon@2x.png */ = {isa = PBXFileReference; lastKnownFileType = image.png; path = "share_image_icon@2x.png"; sourceTree = "<group>"; };
		49EBEFBC15D20C9000D1DB4F /* InputNameViewController.h */ = {isa = PBXFileReference; fileEncoding = 4; lastKnownFileType = sourcecode.c.h; path = InputNameViewController.h; sourceTree = "<group>"; };
		49EBEFBD15D20C9000D1DB4F /* InputNameViewController.m */ = {isa = PBXFileReference; fileEncoding = 4; lastKnownFileType = sourcecode.c.objc; path = InputNameViewController.m; sourceTree = "<group>"; };
		49EBEFBE15D20C9000D1DB4F /* InputNameViewController.xib */ = {isa = PBXFileReference; fileEncoding = 4; lastKnownFileType = file.xib; name = InputNameViewController.xib; path = AwayDay2012/InputNameViewController.xib; sourceTree = "<group>"; };
		49EBEFC115D20D2500D1DB4F /* AppConstant.h */ = {isa = PBXFileReference; fileEncoding = 4; lastKnownFileType = sourcecode.c.h; path = AppConstant.h; sourceTree = "<group>"; };
		49EBEFC215D20D2500D1DB4F /* AppConstant.m */ = {isa = PBXFileReference; fileEncoding = 4; lastKnownFileType = sourcecode.c.objc; path = AppConstant.m; sourceTree = "<group>"; };
		49EBEFCE15D21BB700D1DB4F /* PostShareViewController.h */ = {isa = PBXFileReference; fileEncoding = 4; lastKnownFileType = sourcecode.c.h; path = PostShareViewController.h; sourceTree = "<group>"; };
		49EBEFCF15D21BB700D1DB4F /* PostShareViewController.m */ = {isa = PBXFileReference; fileEncoding = 4; lastKnownFileType = sourcecode.c.objc; path = PostShareViewController.m; sourceTree = "<group>"; };
		49EBEFD015D21BB700D1DB4F /* PostShareViewController.xib */ = {isa = PBXFileReference; fileEncoding = 4; lastKnownFileType = file.xib; name = PostShareViewController.xib; path = AwayDay2012/PostShareViewController.xib; sourceTree = "<group>"; };
		49EC240415CA129000DF9B34 /* back.png */ = {isa = PBXFileReference; lastKnownFileType = image.png; path = back.png; sourceTree = "<group>"; };
		49EC240515CA129000DF9B34 /* back_button.png */ = {isa = PBXFileReference; lastKnownFileType = image.png; path = back_button.png; sourceTree = "<group>"; };
		49EC240615CA129000DF9B34 /* reminder_icon.png */ = {isa = PBXFileReference; lastKnownFileType = image.png; path = reminder_icon.png; sourceTree = "<group>"; };
		49EC240715CA129000DF9B34 /* vertical_line.png */ = {isa = PBXFileReference; lastKnownFileType = image.png; path = vertical_line.png; sourceTree = "<group>"; };
		49EC240D15CA17C600DF9B34 /* back_button@2x.png */ = {isa = PBXFileReference; lastKnownFileType = image.png; path = "back_button@2x.png"; sourceTree = "<group>"; };
		49EC241015CA1AD800DF9B34 /* AppHelper.h */ = {isa = PBXFileReference; fileEncoding = 4; lastKnownFileType = sourcecode.c.h; path = AppHelper.h; sourceTree = "<group>"; };
		49EC241115CA1AD800DF9B34 /* AppHelper.m */ = {isa = PBXFileReference; fileEncoding = 4; lastKnownFileType = sourcecode.c.objc; path = AppHelper.m; sourceTree = "<group>"; };
		49EC241715CA2CE400DF9B34 /* join_button.png */ = {isa = PBXFileReference; lastKnownFileType = image.png; path = join_button.png; sourceTree = "<group>"; };
		49EC241815CA2CE400DF9B34 /* reminder_button.png */ = {isa = PBXFileReference; lastKnownFileType = image.png; path = reminder_button.png; sourceTree = "<group>"; };
		49EC241915CA2CE400DF9B34 /* share_button.png */ = {isa = PBXFileReference; lastKnownFileType = image.png; path = share_button.png; sourceTree = "<group>"; };
		F1E342C017C49EB3002A9084 /* Crashlytics.framework */ = {isa = PBXFileReference; lastKnownFileType = wrapper.framework; path = Crashlytics.framework; sourceTree = "<group>"; };
/* End PBXFileReference section */

/* Begin PBXFrameworksBuildPhase section */
		49168F4A15C769D300DEA67C /* Frameworks */ = {
			isa = PBXFrameworksBuildPhase;
			buildActionMask = 2147483647;
			files = (
				49D937FA17C119A800889AA7 /* libPushSDK.a in Frameworks */,
				49D937F917C116DB00889AA7 /* libASILib.a in Frameworks */,
				49D937F617C1168500889AA7 /* libWeiboSDK.a in Frameworks */,
				492D43DC17B8FF9E0082C814 /* CoreTelephony.framework in Frameworks */,
				492D43DA17B8FF960082C814 /* CoreFoundation.framework in Frameworks */,
				490B91E015D4B60E00539E2A /* libsqlite3.dylib in Frameworks */,
				493697CA15C8D86400941C94 /* QuartzCore.framework in Frameworks */,
				4969AD6615C78C8B005B6A54 /* CFNetwork.framework in Frameworks */,
				4969AD6415C78C48005B6A54 /* libz.dylib in Frameworks */,
				49168F5615C769D300DEA67C /* CoreGraphics.framework in Frameworks */,
				4969AD6215C78C2B005B6A54 /* MobileCoreServices.framework in Frameworks */,
				4969AD6015C78C23005B6A54 /* SystemConfiguration.framework in Frameworks */,
				49168F5215C769D300DEA67C /* UIKit.framework in Frameworks */,
				49168F5415C769D300DEA67C /* Foundation.framework in Frameworks */,
				F1E342C117C49EB3002A9084 /* Crashlytics.framework in Frameworks */,
			);
			runOnlyForDeploymentPostprocessing = 0;
		};
		49D3243F160C575300B9CE19 /* Frameworks */ = {
			isa = PBXFrameworksBuildPhase;
			buildActionMask = 2147483647;
			files = (
				49D32444160C575300B9CE19 /* SenTestingKit.framework in Frameworks */,
				49D32445160C575300B9CE19 /* UIKit.framework in Frameworks */,
				49D32446160C575300B9CE19 /* Foundation.framework in Frameworks */,
			);
			runOnlyForDeploymentPostprocessing = 0;
		};
/* End PBXFrameworksBuildPhase section */

/* Begin PBXGroup section */
		44060A4D178B03B400ACA13C /* Handler */ = {
			isa = PBXGroup;
			children = (
				44060A4E178B040200ACA13C /* AgendaListRetriever.h */,
				44060A4F178B040200ACA13C /* AgendaListRetriever.m */,
			);
			name = Handler;
			sourceTree = "<group>";
		};
		44060A51178B043600ACA13C /* ExternalLibs */ = {
			isa = PBXGroup;
			children = (
				49D937F217C1168500889AA7 /* libWeiboSDK */,
				492D43D217B8FF0B0082C814 /* JPush */,
				44060A52178B04A500ACA13C /* AFNetworking */,
			);
			path = ExternalLibs;
			sourceTree = "<group>";
		};
		44060A52178B04A500ACA13C /* AFNetworking */ = {
			isa = PBXGroup;
			children = (
				36867E0CECE210304AD5EBFF /* AFHTTPClient.h */,
				3686770DA7A10797F0737085 /* AFHTTPClient.m */,
				3686779DAC19F88675440418 /* AFHTTPRequestOperation.h */,
				3686764B39D545BF907D956B /* AFHTTPRequestOperation.m */,
				368671A69FB455370F27AE3B /* AFImageRequestOperation.h */,
				36867D47ABF6EAE2645B32D8 /* AFImageRequestOperation.m */,
				36867D3D4496D97105DD6AFB /* AFJSONRequestOperation.h */,
				368678301E9D23B80ED5BEC7 /* AFJSONRequestOperation.m */,
				36867187941E5CBB1581795E /* AFNetworkActivityIndicatorManager.h */,
				36867C07CF3631F1A657A441 /* AFNetworkActivityIndicatorManager.m */,
				36867441F95C0884A66BEB74 /* AFNetworking.h */,
				3686758D174EB31A1C5B9BFA /* AFPropertyListRequestOperation.h */,
				368672917599FB0B5AA19687 /* AFPropertyListRequestOperation.m */,
				368677CDB4697D944CDD3F7D /* AFURLConnectionOperation.h */,
				36867D0C3BB98D1B8554C492 /* AFURLConnectionOperation.m */,
				368671B0BE6ADD5C88551E19 /* AFXMLRequestOperation.h */,
				36867018C1DE768530D8B3E1 /* AFXMLRequestOperation.m */,
				36867B0CA9AB3D247B63640A /* UIImageView+AFNetworking.h */,
				3686787637C9CC58330CD400 /* UIImageView+AFNetworking.m */,
			);
			path = AFNetworking;
			sourceTree = "<group>";
		};
		44FEFD0B178DA18300032CAA /* SBJSON */ = {
			isa = PBXGroup;
			children = (
				44FEFD0C178DA1DB00032CAA /* SBJson.h */,
				44FEFD0D178DA1DB00032CAA /* SBJsonParser.h */,
				44FEFD0E178DA1DB00032CAA /* SBJsonParser.m */,
				44FEFD0F178DA1DB00032CAA /* SBJsonStreamParser.h */,
				44FEFD10178DA1DB00032CAA /* SBJsonStreamParser.m */,
				44FEFD11178DA1DB00032CAA /* SBJsonStreamParserAccumulator.h */,
				44FEFD12178DA1DB00032CAA /* SBJsonStreamParserAccumulator.m */,
				44FEFD13178DA1DB00032CAA /* SBJsonStreamParserAdapter.h */,
				44FEFD14178DA1DB00032CAA /* SBJsonStreamParserAdapter.m */,
				44FEFD15178DA1DB00032CAA /* SBJsonStreamParserState.h */,
				44FEFD16178DA1DB00032CAA /* SBJsonStreamParserState.m */,
				44FEFD17178DA1DB00032CAA /* SBJsonStreamTokeniser.h */,
				44FEFD18178DA1DB00032CAA /* SBJsonStreamTokeniser.m */,
				44FEFD19178DA1DB00032CAA /* SBJsonStreamWriter.h */,
				44FEFD1A178DA1DB00032CAA /* SBJsonStreamWriter.m */,
				44FEFD1B178DA1DB00032CAA /* SBJsonStreamWriterAccumulator.h */,
				44FEFD1C178DA1DB00032CAA /* SBJsonStreamWriterAccumulator.m */,
				44FEFD1D178DA1DB00032CAA /* SBJsonStreamWriterState.h */,
				44FEFD1E178DA1DB00032CAA /* SBJsonStreamWriterState.m */,
				44FEFD1F178DA1DB00032CAA /* SBJsonWriter.h */,
				44FEFD20178DA1DB00032CAA /* SBJsonWriter.m */,
			);
			path = SBJSON;
			sourceTree = "<group>";
		};
		490B91E915D4B77200539E2A /* Service */ = {
			isa = PBXGroup;
			children = (
				490B91EA15D4B78B00539E2A /* DBService.h */,
				490B91EB15D4B78B00539E2A /* DBService.m */,
				49A0C63015D9F9B900083B9F /* ImageService.h */,
				49A0C63115D9F9B900083B9F /* ImageService.m */,
			);
			name = Service;
			sourceTree = "<group>";
		};
		49168F4215C769D200DEA67C = {
			isa = PBXGroup;
			children = (
				49D937F817C116DB00889AA7 /* libASILib.a */,
				492D43DB17B8FF9E0082C814 /* CoreTelephony.framework */,
				492D43D917B8FF960082C814 /* CoreFoundation.framework */,
				492B859815EF2C0F00802F8F /* Default@2x.png */,
				492B859515EF2C0B00802F8F /* Default.png */,
				4968758C160455AA000BD587 /* Icon@2x.png */,
				49687589160455A7000BD587 /* Icon.png */,
				49168F5715C769D300DEA67C /* AwayDay2012 */,
				49168F8015C76A3A00DEA67C /* Resource */,
				49D32447160C575300B9CE19 /* AwayDay2012Test */,
				49168F5015C769D300DEA67C /* Frameworks */,
				49168F4E15C769D300DEA67C /* Products */,
			);
			sourceTree = "<group>";
		};
		49168F4E15C769D300DEA67C /* Products */ = {
			isa = PBXGroup;
			children = (
				49168F4D15C769D300DEA67C /* AwayDay2012.app */,
				49D32443160C575300B9CE19 /* AwayDay2012Test.octest */,
			);
			name = Products;
			sourceTree = "<group>";
		};
		49168F5015C769D300DEA67C /* Frameworks */ = {
			isa = PBXGroup;
			children = (
				F1E342C017C49EB3002A9084 /* Crashlytics.framework */,
				490B91DF15D4B60E00539E2A /* libsqlite3.dylib */,
				493697C915C8D86400941C94 /* QuartzCore.framework */,
				4969AD6515C78C8B005B6A54 /* CFNetwork.framework */,
				4969AD6315C78C48005B6A54 /* libz.dylib */,
				4969AD6115C78C2B005B6A54 /* MobileCoreServices.framework */,
				4969AD5F15C78C23005B6A54 /* SystemConfiguration.framework */,
				49168F5115C769D300DEA67C /* UIKit.framework */,
				49168F5315C769D300DEA67C /* Foundation.framework */,
				49168F5515C769D300DEA67C /* CoreGraphics.framework */,
				49168F6915C769D300DEA67C /* SenTestingKit.framework */,
			);
			name = Frameworks;
			sourceTree = "<group>";
		};
		49168F5715C769D300DEA67C /* AwayDay2012 */ = {
			isa = PBXGroup;
			children = (
				44FEFD0B178DA18300032CAA /* SBJSON */,
				44060A51178B043600ACA13C /* ExternalLibs */,
				44060A4D178B03B400ACA13C /* Handler */,
				49EC240F15CA1AC300DF9B34 /* Helper */,
				4969AD3E15C78BCA005B6A54 /* ASIHttp */,
				49D96BE615C8EA8B00E1C5C8 /* View */,
				49168F8C15C7756700DEA67C /* Model */,
				490B91E915D4B77200539E2A /* Service */,
				49168F8115C76A4900DEA67C /* Controller */,
				49168F6015C769D300DEA67C /* AppDelegate.h */,
				49168F6115C769D300DEA67C /* AppDelegate.m */,
			);
			path = AwayDay2012;
			sourceTree = "<group>";
		};
		49168F5815C769D300DEA67C /* Supporting Files */ = {
			isa = PBXGroup;
			children = (
				49168F5915C769D300DEA67C /* AwayDay2012-Info.plist */,
				49168F5A15C769D300DEA67C /* InfoPlist.strings */,
				49168F5D15C769D300DEA67C /* main.m */,
				49168F5F15C769D300DEA67C /* AwayDay2012-Prefix.pch */,
			);
			name = "Supporting Files";
			path = AwayDay2012;
			sourceTree = "<group>";
		};
		49168F8015C76A3A00DEA67C /* Resource */ = {
			isa = PBXGroup;
			children = (
				4913EB0315E4B02500C93E43 /* user_db.sqlite */,
				49EC240315CA129000DF9B34 /* Image */,
				49168F8715C76A6700DEA67C /* XIB */,
				49168F5815C769D300DEA67C /* Supporting Files */,
				492D43DD17B9BD870082C814 /* PushConfig.plist */,
			);
			name = Resource;
			sourceTree = "<group>";
		};
		49168F8115C76A4900DEA67C /* Controller */ = {
			isa = PBXGroup;
			children = (
				49073B4615CB774A00BB1522 /* MenuViewController.h */,
				49073B4715CB774A00BB1522 /* MenuViewController.m */,
				49EBEFBC15D20C9000D1DB4F /* InputNameViewController.h */,
				49EBEFBD15D20C9000D1DB4F /* InputNameViewController.m */,
				4934FA0015CA703200427597 /* AgendaViewController.h */,
				4934F9FF15CA703200427597 /* AgendaViewController.m */,
				4969AD7215C7D6A2005B6A54 /* ReminderViewController.h */,
				4969AD7315C7D6A2005B6A54 /* ReminderViewController.m */,
				4959E24E15D39DD200091D6F /* UserPathViewController.h */,
				4959E24F15D39DD200091D6F /* UserPathViewController.m */,
				49EBEFCE15D21BB700D1DB4F /* PostShareViewController.h */,
				49EBEFCF15D21BB700D1DB4F /* PostShareViewController.m */,
				49073B4B15CB7A5900BB1522 /* SettingViewController.h */,
				49073B4C15CB7A5900BB1522 /* SettingViewController.m */,
			);
			name = Controller;
			sourceTree = "<group>";
		};
		49168F8715C76A6700DEA67C /* XIB */ = {
			isa = PBXGroup;
			children = (
				49073B4815CB774A00BB1522 /* MenuViewController.xib */,
				49EBEFBE15D20C9000D1DB4F /* InputNameViewController.xib */,
				49EBEFD015D21BB700D1DB4F /* PostShareViewController.xib */,
				49168F8415C76A5E00DEA67C /* RootViewController.xib */,
				4969AD7415C7D6A2005B6A54 /* ReminderViewController.xib */,
				4959E25315D39FCB00091D6F /* UserPathViewController.xib */,
				49073B4D15CB7A5900BB1522 /* SettingViewController.xib */,
			);
			name = XIB;
			sourceTree = "<group>";
		};
		49168F8C15C7756700DEA67C /* Model */ = {
			isa = PBXGroup;
			children = (
				49168F9115C775CB00DEA67C /* Agenda.h */,
				49168F9215C775CB00DEA67C /* Agenda.m */,
				49168F9815C7764800DEA67C /* Session.h */,
				49168F9915C7764800DEA67C /* Session.m */,
				4969AD6715C7A0AC005B6A54 /* SessionAddress.h */,
				4969AD6815C7A0AC005B6A54 /* SessionAddress.m */,
				4959E24A15D39BA100091D6F /* UserPath.h */,
				4959E24B15D39BA100091D6F /* UserPath.m */,
				49B99D3215D887A5009B02A8 /* Reminder.h */,
				49B99D3315D887A5009B02A8 /* Reminder.m */,
			);
			name = Model;
			sourceTree = "<group>";
		};
		492D43D217B8FF0B0082C814 /* JPush */ = {
			isa = PBXGroup;
			children = (
				492D43D317B8FF0B0082C814 /* APService.h */,
				492D43D517B8FF0B0082C814 /* libPushSDK.a */,
			);
			path = JPush;
			sourceTree = "<group>";
		};
		4969AD3E15C78BCA005B6A54 /* ASIHttp */ = {
			isa = PBXGroup;
			children = (
				44FEFD67178DA48000032CAA /* ASIAuthenticationDialog.h */,
				44FEFD68178DA48000032CAA /* ASICacheDelegate.h */,
				44FEFD69178DA48000032CAA /* ASIDataCompressor.h */,
				44FEFD6A178DA48000032CAA /* ASIDataDecompressor.h */,
				44FEFD6B178DA48000032CAA /* ASIDownloadCache.h */,
				44FEFD6C178DA48000032CAA /* ASIFormDataRequest.h */,
				44FEFD6D178DA48000032CAA /* ASIHTTPRequest.h */,
				44FEFD6E178DA48000032CAA /* ASIHTTPRequestConfig.h */,
				44FEFD6F178DA48000032CAA /* ASIHTTPRequestDelegate.h */,
				44FEFD70178DA48000032CAA /* ASIInputStream.h */,
				44FEFD71178DA48000032CAA /* ASINetworkQueue.h */,
				44FEFD72178DA48000032CAA /* ASIProgressDelegate.h */,
				4969AD5315C78BCA005B6A54 /* Reachability.h */,
			);
			path = ASIHttp;
			sourceTree = "<group>";
		};
		49D32447160C575300B9CE19 /* AwayDay2012Test */ = {
			isa = PBXGroup;
			children = (
				49B99D3615D888F0009B02A8 /* DBServiceTest.h */,
				49B99D3715D888F0009B02A8 /* DBServiceTest.m */,
				49D5882015DA24FB00A8DA72 /* ImageServiceTest.h */,
				49D5882115DA24FB00A8DA72 /* ImageServiceTest.m */,
				49D3244D160C575300B9CE19 /* AwayDay2012Test.h */,
				49D3244E160C575300B9CE19 /* AwayDay2012Test.m */,
				49D32448160C575300B9CE19 /* Supporting Files */,
			);
			path = AwayDay2012Test;
			sourceTree = "<group>";
		};
		49D32448160C575300B9CE19 /* Supporting Files */ = {
			isa = PBXGroup;
			children = (
				49D32449160C575300B9CE19 /* AwayDay2012Test-Info.plist */,
				49D3244A160C575300B9CE19 /* InfoPlist.strings */,
				49D32450160C575300B9CE19 /* AwayDay2012Test-Prefix.pch */,
			);
			name = "Supporting Files";
			sourceTree = "<group>";
		};
		49D937F217C1168500889AA7 /* libWeiboSDK */ = {
			isa = PBXGroup;
			children = (
				49D937F317C1168500889AA7 /* libWeiboSDK.a */,
				49D937F417C1168500889AA7 /* WeiboSDK.bundle */,
				49D937F517C1168500889AA7 /* WeiboSDK.h */,
			);
			path = libWeiboSDK;
			sourceTree = "<group>";
		};
		49D96BE615C8EA8B00E1C5C8 /* View */ = {
			isa = PBXGroup;
			children = (
				4934F9DD15CA65CE00427597 /* EGORefreshTableHeaderView.h */,
				4934F9DE15CA65CE00427597 /* EGORefreshTableHeaderView.m */,
				49D96BE815C8EABB00E1C5C8 /* TopSessionClockView.h */,
				49D96BE915C8EABB00E1C5C8 /* TopSessionClockView.m */,
			);
			name = View;
			sourceTree = "<group>";
		};
		49EC240315CA129000DF9B34 /* Image */ = {
			isa = PBXGroup;
			children = (
				49D3032715FDA5E10031752F /* unreminder_icon.png */,
				49B762D315F6F94600C5CFAA /* unjoin_button.png */,
				49B762D415F6F94600C5CFAA /* join_button.png */,
				490C468715EDF7F1008F1CA9 /* unreminder_button.png */,
				49EC241815CA2CE400DF9B34 /* reminder_button.png */,
				490C467B15EDE77F008F1CA9 /* agenda_view_icon.png */,
				490C467D15EDE780008F1CA9 /* path_view_icon.png */,
				490C467F15EDE780008F1CA9 /* setting_view_icon.png */,
				4968759016045798000BD587 /* save_button.png */,
				496875921604580E000BD587 /* name_input_back.png */,
				49E1B4E315E5CFD9008844F9 /* share_image_icon.png */,
				49E1B4E415E5CFD9008844F9 /* share_image_icon@2x.png */,
				49D5881B15DA1FAA00A8DA72 /* share_post_button.png */,
				49D5881C15DA1FAA00A8DA72 /* share_text_back.png */,
				49B99D5D15D8D80B009B02A8 /* path_content_back.png */,
				495CA19015CBC97100C09F48 /* choose_flag.png */,
				495CA18D15CBC7D400C09F48 /* action_button.png */,
				4934F9E215CA671700427597 /* blackArrow.png */,
				4934F9E315CA671700427597 /* blackArrow@2x.png */,
				4934F9E415CA671700427597 /* blueArrow.png */,
				4934F9E515CA671700427597 /* blueArrow@2x.png */,
				4934F9E615CA671700427597 /* grayArrow.png */,
				4934F9E715CA671700427597 /* grayArrow@2x.png */,
				4934F9E815CA671700427597 /* whiteArrow.png */,
				4934F9E915CA671700427597 /* whiteArrow@2x.png */,
				49EC241715CA2CE400DF9B34 /* join_button.png */,
				49EC241915CA2CE400DF9B34 /* share_button.png */,
				49EC240415CA129000DF9B34 /* back.png */,
				49EC240515CA129000DF9B34 /* back_button.png */,
				49EC240D15CA17C600DF9B34 /* back_button@2x.png */,
				49EC240615CA129000DF9B34 /* reminder_icon.png */,
				49EC240715CA129000DF9B34 /* vertical_line.png */,
			);
			path = Image;
			sourceTree = "<group>";
		};
		49EC240F15CA1AC300DF9B34 /* Helper */ = {
			isa = PBXGroup;
			children = (
				49851F9C15E328A7007A665A /* GTMBase64.h */,
				49851F9D15E328A7007A665A /* GTMBase64.m */,
				49851F9E15E328A7007A665A /* GTMDefines.h */,
				49EC241015CA1AD800DF9B34 /* AppHelper.h */,
				49EC241115CA1AD800DF9B34 /* AppHelper.m */,
				49EBEFC115D20D2500D1DB4F /* AppConstant.h */,
				49EBEFC215D20D2500D1DB4F /* AppConstant.m */,
			);
			name = Helper;
			sourceTree = "<group>";
		};
/* End PBXGroup section */

/* Begin PBXNativeTarget section */
		49168F4C15C769D300DEA67C /* AwayDay2012 */ = {
			isa = PBXNativeTarget;
			buildConfigurationList = 49168F7A15C769D300DEA67C /* Build configuration list for PBXNativeTarget "AwayDay2012" */;
			buildPhases = (
				49168F4915C769D300DEA67C /* Sources */,
				49168F4A15C769D300DEA67C /* Frameworks */,
				49168F4B15C769D300DEA67C /* Resources */,
				F1E342BF17C49DB5002A9084 /* ShellScript */,
			);
			buildRules = (
			);
			dependencies = (
			);
			name = AwayDay2012;
			productName = AwayDay2012;
			productReference = 49168F4D15C769D300DEA67C /* AwayDay2012.app */;
			productType = "com.apple.product-type.application";
		};
		49D32442160C575300B9CE19 /* AwayDay2012Test */ = {
			isa = PBXNativeTarget;
			buildConfigurationList = 49D32451160C575300B9CE19 /* Build configuration list for PBXNativeTarget "AwayDay2012Test" */;
			buildPhases = (
				49D3243E160C575300B9CE19 /* Sources */,
				49D3243F160C575300B9CE19 /* Frameworks */,
				49D32440160C575300B9CE19 /* Resources */,
				49D32441160C575300B9CE19 /* ShellScript */,
			);
			buildRules = (
			);
			dependencies = (
			);
			name = AwayDay2012Test;
			productName = AwayDay2012Test;
			productReference = 49D32443160C575300B9CE19 /* AwayDay2012Test.octest */;
			productType = "com.apple.product-type.bundle";
		};
/* End PBXNativeTarget section */

/* Begin PBXProject section */
		49168F4415C769D200DEA67C /* Project object */ = {
			isa = PBXProject;
			attributes = {
				LastUpgradeCheck = 0440;
			};
			buildConfigurationList = 49168F4715C769D200DEA67C /* Build configuration list for PBXProject "AwayDay2012" */;
			compatibilityVersion = "Xcode 3.2";
			developmentRegion = English;
			hasScannedForEncodings = 0;
			knownRegions = (
				en,
			);
			mainGroup = 49168F4215C769D200DEA67C;
			productRefGroup = 49168F4E15C769D300DEA67C /* Products */;
			projectDirPath = "";
			projectRoot = "";
			targets = (
				49168F4C15C769D300DEA67C /* AwayDay2012 */,
				49D32442160C575300B9CE19 /* AwayDay2012Test */,
			);
		};
/* End PBXProject section */

/* Begin PBXResourcesBuildPhase section */
		49168F4B15C769D300DEA67C /* Resources */ = {
			isa = PBXResourcesBuildPhase;
			buildActionMask = 2147483647;
			files = (
				4913EB0515E4B03500C93E43 /* user_db.sqlite in Resources */,
				4934F9F215CA6B2D00427597 /* blackArrow.png in Resources */,
				4934F9F315CA6B2D00427597 /* blackArrow@2x.png in Resources */,
				4934F9F415CA6B2D00427597 /* blueArrow.png in Resources */,
				4934F9F515CA6B2D00427597 /* blueArrow@2x.png in Resources */,
				4934F9F615CA6B2D00427597 /* grayArrow.png in Resources */,
				4934F9F715CA6B2D00427597 /* grayArrow@2x.png in Resources */,
				4934F9F815CA6B2D00427597 /* whiteArrow.png in Resources */,
				4934F9F915CA6B2D00427597 /* whiteArrow@2x.png in Resources */,
				49168F5C15C769D300DEA67C /* InfoPlist.strings in Resources */,
				49168F8615C76A5E00DEA67C /* RootViewController.xib in Resources */,
				4969AD7615C7D6A2005B6A54 /* ReminderViewController.xib in Resources */,
				49EC240815CA129000DF9B34 /* back.png in Resources */,
				49EC240915CA129000DF9B34 /* back_button.png in Resources */,
				49EC240A15CA129000DF9B34 /* reminder_icon.png in Resources */,
				49EC240B15CA129000DF9B34 /* vertical_line.png in Resources */,
				49EC240E15CA17C600DF9B34 /* back_button@2x.png in Resources */,
				49EC241A15CA2CE400DF9B34 /* join_button.png in Resources */,
				49EC241B15CA2CE400DF9B34 /* reminder_button.png in Resources */,
				49EC241C15CA2CE400DF9B34 /* share_button.png in Resources */,
				49073B4A15CB774A00BB1522 /* MenuViewController.xib in Resources */,
				49073B4F15CB7A5900BB1522 /* SettingViewController.xib in Resources */,
				495CA18E15CBC7D400C09F48 /* action_button.png in Resources */,
				495CA19115CBC97100C09F48 /* choose_flag.png in Resources */,
				49EBEFC015D20C9000D1DB4F /* InputNameViewController.xib in Resources */,
				49EBEFD215D21BB700D1DB4F /* PostShareViewController.xib in Resources */,
				4959E25415D39FCB00091D6F /* UserPathViewController.xib in Resources */,
				49B99D5E15D8D80B009B02A8 /* path_content_back.png in Resources */,
				49D5881E15DA1FAA00A8DA72 /* share_post_button.png in Resources */,
				49D5881F15DA1FAA00A8DA72 /* share_text_back.png in Resources */,
				49E1B4E515E5CFD9008844F9 /* share_image_icon.png in Resources */,
				49E1B4E615E5CFD9008844F9 /* share_image_icon@2x.png in Resources */,
				4968758A160455A7000BD587 /* Icon.png in Resources */,
				4968758D160455AA000BD587 /* Icon@2x.png in Resources */,
				4968759116045798000BD587 /* save_button.png in Resources */,
				496875931604580E000BD587 /* name_input_back.png in Resources */,
				490C468115EDE780008F1CA9 /* agenda_view_icon.png in Resources */,
				490C468315EDE780008F1CA9 /* path_view_icon.png in Resources */,
				490C468515EDE780008F1CA9 /* setting_view_icon.png in Resources */,
				490C468815EDF7F1008F1CA9 /* unreminder_button.png in Resources */,
				492B859615EF2C0B00802F8F /* Default.png in Resources */,
				492B859915EF2C0F00802F8F /* Default@2x.png in Resources */,
				49B762D515F6F94600C5CFAA /* unjoin_button.png in Resources */,
				49B762D615F6F94600C5CFAA /* join_button.png in Resources */,
				49D3032815FDA5E10031752F /* unreminder_icon.png in Resources */,
				492D43DE17B9BD870082C814 /* PushConfig.plist in Resources */,
				49D937F717C1168500889AA7 /* WeiboSDK.bundle in Resources */,
			);
			runOnlyForDeploymentPostprocessing = 0;
		};
		49D32440160C575300B9CE19 /* Resources */ = {
			isa = PBXResourcesBuildPhase;
			buildActionMask = 2147483647;
			files = (
				49D3244C160C575300B9CE19 /* InfoPlist.strings in Resources */,
			);
			runOnlyForDeploymentPostprocessing = 0;
		};
/* End PBXResourcesBuildPhase section */

/* Begin PBXShellScriptBuildPhase section */
		49D32441160C575300B9CE19 /* ShellScript */ = {
			isa = PBXShellScriptBuildPhase;
			buildActionMask = 2147483647;
			files = (
			);
			inputPaths = (
			);
			outputPaths = (
			);
			runOnlyForDeploymentPostprocessing = 0;
			shellPath = /bin/sh;
			shellScript = "# Run the unit tests in this test bundle.\n\"${SYSTEM_DEVELOPER_DIR}/Tools/RunUnitTests\"\n";
		};
		F1E342BF17C49DB5002A9084 /* ShellScript */ = {
			isa = PBXShellScriptBuildPhase;
			buildActionMask = 2147483647;
			files = (
			);
			inputPaths = (
			);
			outputPaths = (
			);
			runOnlyForDeploymentPostprocessing = 0;
			shellPath = /bin/sh;
			shellScript = "./Crashlytics.framework/run 12cf69bcd58555af123af07396580d08d970eee1";
		};
/* End PBXShellScriptBuildPhase section */

/* Begin PBXSourcesBuildPhase section */
		49168F4915C769D300DEA67C /* Sources */ = {
			isa = PBXSourcesBuildPhase;
			buildActionMask = 2147483647;
			files = (
				49851FA115E329A6007A665A /* GTMBase64.m in Sources */,
				4934FA0215CA705200427597 /* AgendaViewController.m in Sources */,
				4934F9E115CA668600427597 /* EGORefreshTableHeaderView.m in Sources */,
				49168F5E15C769D300DEA67C /* main.m in Sources */,
				49168F6215C769D300DEA67C /* AppDelegate.m in Sources */,
				49168F9315C775CB00DEA67C /* Agenda.m in Sources */,
				49168F9A15C7764800DEA67C /* Session.m in Sources */,
				4969AD6915C7A0AC005B6A54 /* SessionAddress.m in Sources */,
				4969AD7515C7D6A2005B6A54 /* ReminderViewController.m in Sources */,
				49D96BEA15C8EABB00E1C5C8 /* TopSessionClockView.m in Sources */,
				49EC241215CA1AD800DF9B34 /* AppHelper.m in Sources */,
				49073B4915CB774A00BB1522 /* MenuViewController.m in Sources */,
				49073B4E15CB7A5900BB1522 /* SettingViewController.m in Sources */,
				49EBEFBF15D20C9000D1DB4F /* InputNameViewController.m in Sources */,
				49EBEFC315D20D2500D1DB4F /* AppConstant.m in Sources */,
				49EBEFD115D21BB700D1DB4F /* PostShareViewController.m in Sources */,
				4959E24C15D39BA100091D6F /* UserPath.m in Sources */,
				4959E25115D39DD200091D6F /* UserPathViewController.m in Sources */,
				490B91EC15D4B78B00539E2A /* DBService.m in Sources */,
				49B99D3415D887A5009B02A8 /* Reminder.m in Sources */,
				49A0C63215D9F9B900083B9F /* ImageService.m in Sources */,
				44060A50178B040200ACA13C /* AgendaListRetriever.m in Sources */,
				44FEFD21178DA1DB00032CAA /* SBJsonParser.m in Sources */,
				44FEFD22178DA1DB00032CAA /* SBJsonStreamParser.m in Sources */,
				44FEFD23178DA1DB00032CAA /* SBJsonStreamParserAccumulator.m in Sources */,
				44FEFD24178DA1DB00032CAA /* SBJsonStreamParserAdapter.m in Sources */,
				44FEFD25178DA1DB00032CAA /* SBJsonStreamParserState.m in Sources */,
				44FEFD26178DA1DB00032CAA /* SBJsonStreamTokeniser.m in Sources */,
				44FEFD27178DA1DB00032CAA /* SBJsonStreamWriter.m in Sources */,
				44FEFD28178DA1DB00032CAA /* SBJsonStreamWriterAccumulator.m in Sources */,
				44FEFD29178DA1DB00032CAA /* SBJsonStreamWriterState.m in Sources */,
				44FEFD2A178DA1DB00032CAA /* SBJsonWriter.m in Sources */,
				36867FEC347E89351575287C /* AFHTTPClient.m in Sources */,
				3686726430BA535E252B3A50 /* AFHTTPRequestOperation.m in Sources */,
				36867FBF4B1BE9B93520C01F /* AFImageRequestOperation.m in Sources */,
				368677E52690BD756B7ADD11 /* AFJSONRequestOperation.m in Sources */,
				368671B0B0262A1163811FE1 /* AFNetworkActivityIndicatorManager.m in Sources */,
				3686712E0FE28015B0CDF628 /* AFPropertyListRequestOperation.m in Sources */,
				36867A9BD7E2AA8404532202 /* AFURLConnectionOperation.m in Sources */,
				368670278CB5A13136EC4A04 /* AFXMLRequestOperation.m in Sources */,
				368677CBE88B7C95F5E5EF78 /* UIImageView+AFNetworking.m in Sources */,
			);
			runOnlyForDeploymentPostprocessing = 0;
		};
		49D3243E160C575300B9CE19 /* Sources */ = {
			isa = PBXSourcesBuildPhase;
			buildActionMask = 2147483647;
			files = (
				49D3244F160C575300B9CE19 /* AwayDay2012Test.m in Sources */,
			);
			runOnlyForDeploymentPostprocessing = 0;
		};
/* End PBXSourcesBuildPhase section */

/* Begin PBXVariantGroup section */
		49168F5A15C769D300DEA67C /* InfoPlist.strings */ = {
			isa = PBXVariantGroup;
			children = (
				49168F5B15C769D300DEA67C /* en */,
			);
			name = InfoPlist.strings;
			sourceTree = "<group>";
		};
		49D3244A160C575300B9CE19 /* InfoPlist.strings */ = {
			isa = PBXVariantGroup;
			children = (
				49D3244B160C575300B9CE19 /* en */,
			);
			name = InfoPlist.strings;
			sourceTree = "<group>";
		};
/* End PBXVariantGroup section */

/* Begin XCBuildConfiguration section */
		49168F7815C769D300DEA67C /* Debug */ = {
			isa = XCBuildConfiguration;
			buildSettings = {
				ALWAYS_SEARCH_USER_PATHS = NO;
				ARCHS = (
					armv6,
					armv7,
				);
				CODE_SIGN_IDENTITY = "iPhone Distribution: ThoughtWorks Inc";
				"CODE_SIGN_IDENTITY[sdk=iphoneos*]" = "iPhone Distribution: ThoughtWorks Inc";
				COPY_PHASE_STRIP = NO;
				GCC_C_LANGUAGE_STANDARD = gnu99;
				GCC_DYNAMIC_NO_PIC = NO;
				GCC_OPTIMIZATION_LEVEL = 0;
				GCC_PREPROCESSOR_DEFINITIONS = (
					"DEBUG=1",
					"$(inherited)",
				);
				GCC_SYMBOLS_PRIVATE_EXTERN = NO;
				GCC_THUMB_SUPPORT = NO;
				GCC_VERSION = "";
				GCC_WARN_ABOUT_RETURN_TYPE = YES;
				GCC_WARN_UNINITIALIZED_AUTOS = YES;
				GCC_WARN_UNUSED_VARIABLE = YES;
				IPHONEOS_DEPLOYMENT_TARGET = 5.0;
				OTHER_LDFLAGS = "-objC";
				PROVISIONING_PROFILE = "C99A9789-EA3C-4E2F-896F-D4DE1D0FB1BB";
				"PROVISIONING_PROFILE[sdk=iphoneos*]" = "C99A9789-EA3C-4E2F-896F-D4DE1D0FB1BB";
				SDKROOT = iphoneos;
				USER_HEADER_SEARCH_PATHS = "$(SRCROOT)/ExternalLibs/JPush/**";
			};
			name = Debug;
		};
		49168F7915C769D300DEA67C /* Release */ = {
			isa = XCBuildConfiguration;
			buildSettings = {
				ALWAYS_SEARCH_USER_PATHS = NO;
				ARCHS = (
					armv6,
					armv7,
				);
				CODE_SIGN_IDENTITY = "iPhone Distribution: ThoughtWorks Inc";
				"CODE_SIGN_IDENTITY[sdk=iphoneos*]" = "iPhone Distribution: ThoughtWorks Inc";
				COPY_PHASE_STRIP = YES;
				GCC_C_LANGUAGE_STANDARD = gnu99;
				GCC_THUMB_SUPPORT = NO;
				GCC_VERSION = "";
				GCC_WARN_ABOUT_RETURN_TYPE = YES;
				GCC_WARN_UNINITIALIZED_AUTOS = YES;
				GCC_WARN_UNUSED_VARIABLE = YES;
				IPHONEOS_DEPLOYMENT_TARGET = 5.0;
				OTHER_CFLAGS = "-DNS_BLOCK_ASSERTIONS=1";
				OTHER_LDFLAGS = "-objC";
				PROVISIONING_PROFILE = "A1F51B42-A2D2-4B42-8AF2-AD29ED61D56E";
				"PROVISIONING_PROFILE[sdk=iphoneos*]" = "A1F51B42-A2D2-4B42-8AF2-AD29ED61D56E";
				SDKROOT = iphoneos;
				USER_HEADER_SEARCH_PATHS = "$(SRCROOT)/ExternalLibs/JPush/**";
				VALIDATE_PRODUCT = YES;
			};
			name = Release;
		};
		49168F7B15C769D300DEA67C /* Debug */ = {
			isa = XCBuildConfiguration;
			buildSettings = {
				ARCHS = (
					arvm6,
					armv7,
				);
				CLANG_ENABLE_OBJC_ARC = YES;
				CODE_SIGN_IDENTITY = "iPhone Developer: Cyril Wei (U8A597GTFU)";
				"CODE_SIGN_IDENTITY[sdk=iphoneos*]" = "iPhone Developer: Cyril Wei (U8A597GTFU)";
				FRAMEWORK_SEARCH_PATHS = (
					"$(inherited)",
					"\"$(SRCROOT)\"",
				);
				GCC_PRECOMPILE_PREFIX_HEADER = YES;
				GCC_PREFIX_HEADER = "AwayDay2012/AwayDay2012-Prefix.pch";
				INFOPLIST_FILE = "AwayDay2012/AwayDay2012-Info.plist";
				IPHONEOS_DEPLOYMENT_TARGET = 5.0;
				LIBRARY_SEARCH_PATHS = (
					"$(inherited)",
					"\"$(SRCROOT)/AwayDay2012\"",
					"\"${PROJECT_DIR}/AwayDay2012/ExternalLibs/libWeiboSDK\"/**",
					"\"$(SRCROOT)/AwayDay2012/ExternalLibs/libWeiboSDK\"",
					"\"$(SRCROOT)/AwayDay2012/ExternalLibs/JPush\"",
				);
				PRODUCT_NAME = "$(TARGET_NAME)";
				PROVISIONING_PROFILE = "D047C67D-5BB2-422D-9CCE-B73D0806F1F6";
				"PROVISIONING_PROFILE[sdk=iphoneos*]" = "D047C67D-5BB2-422D-9CCE-B73D0806F1F6";
				WRAPPER_EXTENSION = app;
			};
			name = Debug;
		};
		49168F7C15C769D300DEA67C /* Release */ = {
			isa = XCBuildConfiguration;
			buildSettings = {
				ARCHS = (
					arvm6,
					armv7,
				);
				CLANG_ENABLE_OBJC_ARC = YES;
				CODE_SIGN_IDENTITY = "iPhone Distribution: ThoughtWorks Inc";
				"CODE_SIGN_IDENTITY[sdk=iphoneos*]" = "iPhone Distribution: ThoughtWorks Inc";
				FRAMEWORK_SEARCH_PATHS = (
					"$(inherited)",
					"\"$(SRCROOT)\"",
				);
				GCC_PRECOMPILE_PREFIX_HEADER = YES;
				GCC_PREFIX_HEADER = "AwayDay2012/AwayDay2012-Prefix.pch";
				INFOPLIST_FILE = "AwayDay2012/AwayDay2012-Info.plist";
				IPHONEOS_DEPLOYMENT_TARGET = 5.0;
				LIBRARY_SEARCH_PATHS = (
					"$(inherited)",
					"\"$(SRCROOT)/AwayDay2012\"",
					"\"${PROJECT_DIR}/AwayDay2012/ExternalLibs/libWeiboSDK\"/**",
					"\"$(SRCROOT)/AwayDay2012/ExternalLibs/libWeiboSDK\"",
					"\"$(SRCROOT)/AwayDay2012/ExternalLibs/JPush\"",
				);
				PRODUCT_NAME = "$(TARGET_NAME)";
				PROVISIONING_PROFILE = "D047C67D-5BB2-422D-9CCE-B73D0806F1F6";
				"PROVISIONING_PROFILE[sdk=iphoneos*]" = "D047C67D-5BB2-422D-9CCE-B73D0806F1F6";
				WRAPPER_EXTENSION = app;
			};
			name = Release;
		};
		49D32452160C575300B9CE19 /* Debug */ = {
			isa = XCBuildConfiguration;
			buildSettings = {
				CLANG_CXX_LANGUAGE_STANDARD = "gnu++0x";
				CLANG_CXX_LIBRARY = "libc++";
				CLANG_WARN_EMPTY_BODY = YES;
				CLANG_WARN__DUPLICATE_METHOD_MATCH = YES;
				FRAMEWORK_SEARCH_PATHS = (
					"\"$(SDKROOT)/Developer/Library/Frameworks\"",
					"\"$(DEVELOPER_LIBRARY_DIR)/Frameworks\"",
				);
				GCC_PRECOMPILE_PREFIX_HEADER = YES;
				GCC_PREFIX_HEADER = "AwayDay2012Test/AwayDay2012Test-Prefix.pch";
				INFOPLIST_FILE = "AwayDay2012Test/AwayDay2012Test-Info.plist";
				IPHONEOS_DEPLOYMENT_TARGET = 6.0;
				PRODUCT_NAME = "$(TARGET_NAME)";
				WRAPPER_EXTENSION = octest;
			};
			name = Debug;
		};
		49D32453160C575300B9CE19 /* Release */ = {
			isa = XCBuildConfiguration;
			buildSettings = {
				CLANG_CXX_LANGUAGE_STANDARD = "gnu++0x";
				CLANG_CXX_LIBRARY = "libc++";
				CLANG_WARN_EMPTY_BODY = YES;
				CLANG_WARN__DUPLICATE_METHOD_MATCH = YES;
				FRAMEWORK_SEARCH_PATHS = (
					"\"$(SDKROOT)/Developer/Library/Frameworks\"",
					"\"$(DEVELOPER_LIBRARY_DIR)/Frameworks\"",
				);
				GCC_PRECOMPILE_PREFIX_HEADER = YES;
				GCC_PREFIX_HEADER = "AwayDay2012Test/AwayDay2012Test-Prefix.pch";
				INFOPLIST_FILE = "AwayDay2012Test/AwayDay2012Test-Info.plist";
				IPHONEOS_DEPLOYMENT_TARGET = 6.0;
				PRODUCT_NAME = "$(TARGET_NAME)";
				WRAPPER_EXTENSION = octest;
			};
			name = Release;
		};
/* End XCBuildConfiguration section */

/* Begin XCConfigurationList section */
		49168F4715C769D200DEA67C /* Build configuration list for PBXProject "AwayDay2012" */ = {
			isa = XCConfigurationList;
			buildConfigurations = (
				49168F7815C769D300DEA67C /* Debug */,
				49168F7915C769D300DEA67C /* Release */,
			);
			defaultConfigurationIsVisible = 0;
			defaultConfigurationName = Release;
		};
		49168F7A15C769D300DEA67C /* Build configuration list for PBXNativeTarget "AwayDay2012" */ = {
			isa = XCConfigurationList;
			buildConfigurations = (
				49168F7B15C769D300DEA67C /* Debug */,
				49168F7C15C769D300DEA67C /* Release */,
			);
			defaultConfigurationIsVisible = 0;
			defaultConfigurationName = Release;
		};
		49D32451160C575300B9CE19 /* Build configuration list for PBXNativeTarget "AwayDay2012Test" */ = {
			isa = XCConfigurationList;
			buildConfigurations = (
				49D32452160C575300B9CE19 /* Debug */,
				49D32453160C575300B9CE19 /* Release */,
			);
			defaultConfigurationIsVisible = 0;
			defaultConfigurationName = Release;
		};
/* End XCConfigurationList section */
	};
	rootObject = 49168F4415C769D200DEA67C /* Project object */;
}
